<?xml version="1.0" encoding="UTF-8"?>
<!DOCTYPE plist PUBLIC "-//Apple//DTD PLIST 1.0//EN" "http://www.apple.com/DTDs/PropertyList-1.0.dtd">
<plist version="1.0">
<dict>
	<key>archiveVersion</key>
	<string>1</string>
	<key>classes</key>
	<dict/>
	<key>objectVersion</key>
	<string>46</string>
	<key>objects</key>
	<dict>
		<key>3914E18E1A2E3E4A00301DD3</key>
		<dict>
			<key>fileEncoding</key>
			<string>4</string>
			<key>isa</key>
			<string>PBXFileReference</string>
			<key>lastKnownFileType</key>
			<string>sourcecode.c.h</string>
			<key>path</key>
			<string>Cart.h</string>
			<key>sourceTree</key>
			<string>&lt;group&gt;</string>
		</dict>
		<key>3914E18F1A2E3E4A00301DD3</key>
		<dict>
			<key>fileEncoding</key>
			<string>4</string>
			<key>isa</key>
			<string>PBXFileReference</string>
			<key>lastKnownFileType</key>
			<string>sourcecode.c.objc</string>
			<key>path</key>
			<string>Cart.m</string>
			<key>sourceTree</key>
			<string>&lt;group&gt;</string>
		</dict>
		<key>3914E1901A2E3E4A00301DD3</key>
		<dict>
			<key>fileRef</key>
			<string>3914E18F1A2E3E4A00301DD3</string>
			<key>isa</key>
			<string>PBXBuildFile</string>
		</dict>
		<key>3914E1911A2E411400301DD3</key>
		<dict>
			<key>fileEncoding</key>
			<string>4</string>
			<key>isa</key>
			<string>PBXFileReference</string>
			<key>lastKnownFileType</key>
			<string>sourcecode.c.h</string>
			<key>path</key>
			<string>ChosenBike.h</string>
			<key>sourceTree</key>
			<string>&lt;group&gt;</string>
		</dict>
		<key>3914E1921A2E411400301DD3</key>
		<dict>
			<key>fileEncoding</key>
			<string>4</string>
			<key>isa</key>
			<string>PBXFileReference</string>
			<key>lastKnownFileType</key>
			<string>sourcecode.c.objc</string>
			<key>path</key>
			<string>ChosenBike.m</string>
			<key>sourceTree</key>
			<string>&lt;group&gt;</string>
		</dict>
		<key>3914E1931A2E411400301DD3</key>
		<dict>
			<key>fileRef</key>
			<string>3914E1921A2E411400301DD3</string>
			<key>isa</key>
			<string>PBXBuildFile</string>
		</dict>
		<key>3928AF321A2684A800BE9DBC</key>
		<dict>
			<key>fileEncoding</key>
			<string>4</string>
			<key>isa</key>
			<string>PBXFileReference</string>
			<key>lastKnownFileType</key>
			<string>sourcecode.c.h</string>
			<key>path</key>
			<string>BicycleViewController.h</string>
			<key>sourceTree</key>
			<string>&lt;group&gt;</string>
		</dict>
		<key>3928AF331A2684A800BE9DBC</key>
		<dict>
			<key>fileEncoding</key>
			<string>4</string>
			<key>isa</key>
			<string>PBXFileReference</string>
			<key>lastKnownFileType</key>
			<string>sourcecode.c.objc</string>
			<key>path</key>
			<string>BicycleViewController.m</string>
			<key>sourceTree</key>
			<string>&lt;group&gt;</string>
		</dict>
		<key>3928AF341A2684A800BE9DBC</key>
		<dict>
			<key>fileRef</key>
			<string>3928AF331A2684A800BE9DBC</string>
			<key>isa</key>
			<string>PBXBuildFile</string>
		</dict>
		<key>3928AF351A26852200BE9DBC</key>
		<dict>
			<key>fileEncoding</key>
			<string>4</string>
			<key>isa</key>
			<string>PBXFileReference</string>
			<key>lastKnownFileType</key>
			<string>sourcecode.c.h</string>
			<key>path</key>
			<string>ShoppingCartViewController.h</string>
			<key>sourceTree</key>
			<string>&lt;group&gt;</string>
		</dict>
		<key>3928AF361A26852200BE9DBC</key>
		<dict>
			<key>fileEncoding</key>
			<string>4</string>
			<key>isa</key>
			<string>PBXFileReference</string>
			<key>lastKnownFileType</key>
			<string>sourcecode.c.objc</string>
			<key>path</key>
			<string>ShoppingCartViewController.m</string>
			<key>sourceTree</key>
			<string>&lt;group&gt;</string>
		</dict>
		<key>3928AF371A26852200BE9DBC</key>
		<dict>
			<key>fileRef</key>
			<string>3928AF361A26852200BE9DBC</string>
			<key>isa</key>
			<string>PBXBuildFile</string>
		</dict>
		<key>3928AF381A2685C100BE9DBC</key>
		<dict>
			<key>isa</key>
			<string>PBXFileReference</string>
			<key>lastKnownFileType</key>
			<string>wrapper.framework</string>
			<key>name</key>
			<string>Accounts.framework</string>
			<key>path</key>
			<string>System/Library/Frameworks/Accounts.framework</string>
			<key>sourceTree</key>
			<string>SDKROOT</string>
		</dict>
		<key>3928AF391A2685C100BE9DBC</key>
		<dict>
			<key>fileRef</key>
			<string>3928AF381A2685C100BE9DBC</string>
			<key>isa</key>
			<string>PBXBuildFile</string>
		</dict>
		<key>3928AF3A1A2685C700BE9DBC</key>
		<dict>
			<key>isa</key>
			<string>PBXFileReference</string>
			<key>lastKnownFileType</key>
			<string>wrapper.framework</string>
			<key>name</key>
			<string>AdSupport.framework</string>
			<key>path</key>
			<string>System/Library/Frameworks/AdSupport.framework</string>
			<key>sourceTree</key>
			<string>SDKROOT</string>
		</dict>
		<key>3928AF3B1A2685C700BE9DBC</key>
		<dict>
			<key>fileRef</key>
			<string>3928AF3A1A2685C700BE9DBC</string>
			<key>isa</key>
			<string>PBXBuildFile</string>
		</dict>
		<key>3928AF3C1A2685CD00BE9DBC</key>
		<dict>
			<key>isa</key>
			<string>PBXFileReference</string>
			<key>lastKnownFileType</key>
			<string>wrapper.framework</string>
			<key>name</key>
			<string>Social.framework</string>
			<key>path</key>
			<string>System/Library/Frameworks/Social.framework</string>
			<key>sourceTree</key>
			<string>SDKROOT</string>
		</dict>
		<key>3928AF3D1A2685CD00BE9DBC</key>
		<dict>
			<key>fileRef</key>
			<string>3928AF3C1A2685CD00BE9DBC</string>
			<key>isa</key>
			<string>PBXBuildFile</string>
		</dict>
		<key>3928AF3E1A2685D800BE9DBC</key>
		<dict>
			<key>isa</key>
			<string>PBXFileReference</string>
			<key>lastKnownFileType</key>
			<string>wrapper.framework</string>
			<key>name</key>
			<string>SystemConfiguration.framework</string>
			<key>path</key>
			<string>System/Library/Frameworks/SystemConfiguration.framework</string>
			<key>sourceTree</key>
			<string>SDKROOT</string>
		</dict>
		<key>3928AF3F1A2685D800BE9DBC</key>
		<dict>
			<key>fileRef</key>
			<string>3928AF3E1A2685D800BE9DBC</string>
			<key>isa</key>
			<string>PBXBuildFile</string>
		</dict>
		<key>3928AF421A2685F500BE9DBC</key>
		<dict>
			<key>isa</key>
			<string>PBXFileReference</string>
			<key>lastKnownFileType</key>
			<string>wrapper.framework</string>
			<key>name</key>
			<string>Security.framework</string>
			<key>path</key>
			<string>System/Library/Frameworks/Security.framework</string>
			<key>sourceTree</key>
			<string>SDKROOT</string>
		</dict>
		<key>3928AF431A2685F500BE9DBC</key>
		<dict>
			<key>fileRef</key>
			<string>3928AF421A2685F500BE9DBC</string>
			<key>isa</key>
			<string>PBXBuildFile</string>
		</dict>
		<key>3928AF441A2685FD00BE9DBC</key>
		<dict>
			<key>isa</key>
			<string>PBXFileReference</string>
			<key>lastKnownFileType</key>
			<string>wrapper.framework</string>
			<key>name</key>
			<string>QuartzCore.framework</string>
			<key>path</key>
			<string>System/Library/Frameworks/QuartzCore.framework</string>
			<key>sourceTree</key>
			<string>SDKROOT</string>
		</dict>
		<key>3928AF451A2685FD00BE9DBC</key>
		<dict>
			<key>fileRef</key>
			<string>3928AF441A2685FD00BE9DBC</string>
			<key>isa</key>
			<string>PBXBuildFile</string>
		</dict>
		<key>3928AF461A26860500BE9DBC</key>
		<dict>
			<key>isa</key>
			<string>PBXFileReference</string>
			<key>lastKnownFileType</key>
			<string>wrapper.framework</string>
			<key>name</key>
			<string>MobileCoreServices.framework</string>
			<key>path</key>
			<string>System/Library/Frameworks/MobileCoreServices.framework</string>
			<key>sourceTree</key>
			<string>SDKROOT</string>
		</dict>
		<key>3928AF471A26860500BE9DBC</key>
		<dict>
			<key>fileRef</key>
			<string>3928AF461A26860500BE9DBC</string>
			<key>isa</key>
			<string>PBXBuildFile</string>
		</dict>
		<key>3928AF481A26861500BE9DBC</key>
		<dict>
			<key>isa</key>
			<string>PBXFileReference</string>
			<key>lastKnownFileType</key>
			<string>compiled.mach-o.dylib</string>
			<key>name</key>
			<string>libz.dylib</string>
			<key>path</key>
			<string>usr/lib/libz.dylib</string>
			<key>sourceTree</key>
			<string>SDKROOT</string>
		</dict>
		<key>3928AF491A26861500BE9DBC</key>
		<dict>
			<key>fileRef</key>
			<string>3928AF481A26861500BE9DBC</string>
			<key>isa</key>
			<string>PBXBuildFile</string>
		</dict>
		<key>3928AF4A1A26861A00BE9DBC</key>
		<dict>
			<key>isa</key>
			<string>PBXFileReference</string>
			<key>lastKnownFileType</key>
			<string>wrapper.framework</string>
			<key>name</key>
			<string>CoreLocation.framework</string>
			<key>path</key>
			<string>System/Library/Frameworks/CoreLocation.framework</string>
			<key>sourceTree</key>
			<string>SDKROOT</string>
		</dict>
		<key>3928AF4B1A26861A00BE9DBC</key>
		<dict>
			<key>fileRef</key>
			<string>3928AF4A1A26861A00BE9DBC</string>
			<key>isa</key>
			<string>PBXBuildFile</string>
		</dict>
		<key>3928AF4C1A26862100BE9DBC</key>
		<dict>
			<key>isa</key>
			<string>PBXFileReference</string>
			<key>lastKnownFileType</key>
			<string>wrapper.framework</string>
			<key>name</key>
			<string>CoreGraphics.framework</string>
			<key>path</key>
			<string>System/Library/Frameworks/CoreGraphics.framework</string>
			<key>sourceTree</key>
			<string>SDKROOT</string>
		</dict>
		<key>3928AF4D1A26862100BE9DBC</key>
		<dict>
			<key>fileRef</key>
			<string>3928AF4C1A26862100BE9DBC</string>
			<key>isa</key>
			<string>PBXBuildFile</string>
		</dict>
		<key>3928AF4E1A26862A00BE9DBC</key>
		<dict>
			<key>isa</key>
			<string>PBXFileReference</string>
			<key>lastKnownFileType</key>
			<string>wrapper.framework</string>
			<key>name</key>
			<string>CFNetwork.framework</string>
			<key>path</key>
			<string>System/Library/Frameworks/CFNetwork.framework</string>
			<key>sourceTree</key>
			<string>SDKROOT</string>
		</dict>
		<key>3928AF4F1A26862A00BE9DBC</key>
		<dict>
			<key>fileRef</key>
			<string>3928AF4E1A26862A00BE9DBC</string>
			<key>isa</key>
			<string>PBXBuildFile</string>
		</dict>
		<key>3928AF501A26863200BE9DBC</key>
		<dict>
			<key>isa</key>
			<string>PBXFileReference</string>
			<key>lastKnownFileType</key>
			<string>wrapper.framework</string>
			<key>name</key>
			<string>AudioToolbox.framework</string>
			<key>path</key>
			<string>System/Library/Frameworks/AudioToolbox.framework</string>
			<key>sourceTree</key>
			<string>SDKROOT</string>
		</dict>
		<key>3928AF511A26863200BE9DBC</key>
		<dict>
			<key>fileRef</key>
			<string>3928AF501A26863200BE9DBC</string>
			<key>isa</key>
			<string>PBXBuildFile</string>
		</dict>
		<key>3928AF521A26863800BE9DBC</key>
		<dict>
			<key>isa</key>
			<string>PBXFileReference</string>
			<key>lastKnownFileType</key>
			<string>wrapper.framework</string>
			<key>name</key>
			<string>MessageUI.framework</string>
			<key>path</key>
			<string>System/Library/Frameworks/MessageUI.framework</string>
			<key>sourceTree</key>
			<string>SDKROOT</string>
		</dict>
		<key>3928AF531A26863800BE9DBC</key>
		<dict>
			<key>fileRef</key>
			<string>3928AF521A26863800BE9DBC</string>
			<key>isa</key>
			<string>PBXBuildFile</string>
		</dict>
		<key>3928AF5F1A26867400BE9DBC</key>
		<dict>
			<key>isa</key>
			<string>PBXFileReference</string>
			<key>lastKnownFileType</key>
			<string>wrapper.framework</string>
			<key>name</key>
			<string>Foundation.framework</string>
			<key>path</key>
			<string>System/Library/Frameworks/Foundation.framework</string>
			<key>sourceTree</key>
			<string>SDKROOT</string>
		</dict>
		<key>3928AF601A26867400BE9DBC</key>
		<dict>
			<key>fileRef</key>
			<string>3928AF5F1A26867400BE9DBC</string>
			<key>isa</key>
			<string>PBXBuildFile</string>
		</dict>
		<key>3928AF611A26869400BE9DBC</key>
		<dict>
			<key>children</key>
			<array>
				<string>87EAEB851A2CF7A2002FEBB4</string>
				<string>87EAEB861A2CF7A2002FEBB4</string>
				<string>87EAEB871A2CF7A2002FEBB4</string>
				<string>87EAEB881A2CF7A2002FEBB4</string>
				<string>396881071A26AD68001D1AE7</string>
				<string>3928AF5F1A26867400BE9DBC</string>
				<string>3928AF521A26863800BE9DBC</string>
				<string>3928AF501A26863200BE9DBC</string>
				<string>3928AF4E1A26862A00BE9DBC</string>
				<string>3928AF4C1A26862100BE9DBC</string>
				<string>3928AF4A1A26861A00BE9DBC</string>
				<string>3928AF481A26861500BE9DBC</string>
				<string>3928AF461A26860500BE9DBC</string>
				<string>3928AF441A2685FD00BE9DBC</string>
				<string>3928AF421A2685F500BE9DBC</string>
				<string>3928AF3E1A2685D800BE9DBC</string>
				<string>3928AF3C1A2685CD00BE9DBC</string>
				<string>3928AF3A1A2685C700BE9DBC</string>
				<string>3928AF381A2685C100BE9DBC</string>
				<string>DC4819A1A3D38F9FD804BD2F</string>
			</array>
			<key>isa</key>
			<string>PBXGroup</string>
			<key>name</key>
			<string>Frameworks</string>
			<key>sourceTree</key>
			<string>&lt;group&gt;</string>
		</dict>
		<key>3928AF621A269DC100BE9DBC</key>
		<dict>
			<key>isa</key>
			<string>PBXFileReference</string>
			<key>lastKnownFileType</key>
			<string>text.xml</string>
			<key>path</key>
			<string>CityBicycleCompany.entitlements</string>
			<key>sourceTree</key>
			<string>&lt;group&gt;</string>
		</dict>
		<key>396881071A26AD68001D1AE7</key>
		<dict>
			<key>isa</key>
			<string>PBXFileReference</string>
			<key>lastKnownFileType</key>
			<string>wrapper.framework</string>
			<key>name</key>
			<string>PassKit.framework</string>
			<key>path</key>
			<string>System/Library/Frameworks/PassKit.framework</string>
			<key>sourceTree</key>
			<string>SDKROOT</string>
		</dict>
		<key>396881081A26AD68001D1AE7</key>
		<dict>
			<key>fileRef</key>
			<string>396881071A26AD68001D1AE7</string>
			<key>isa</key>
			<string>PBXBuildFile</string>
			<key>settings</key>
			<dict>
				<key>ATTRIBUTES</key>
				<array>
					<string>Weak</string>
				</array>
			</dict>
		</dict>
		<key>39C528C11A2684700018C017</key>
		<dict>
			<key>fileEncoding</key>
			<string>4</string>
			<key>isa</key>
			<string>PBXFileReference</string>
			<key>lastKnownFileType</key>
			<string>sourcecode.c.h</string>
			<key>path</key>
			<string>ProfileViewController.h</string>
			<key>sourceTree</key>
			<string>&lt;group&gt;</string>
		</dict>
		<key>39C528C21A2684700018C017</key>
		<dict>
			<key>fileEncoding</key>
			<string>4</string>
			<key>isa</key>
			<string>PBXFileReference</string>
			<key>lastKnownFileType</key>
			<string>sourcecode.c.objc</string>
			<key>path</key>
			<string>ProfileViewController.m</string>
			<key>sourceTree</key>
			<string>&lt;group&gt;</string>
		</dict>
		<key>39C528C31A2684700018C017</key>
		<dict>
			<key>fileRef</key>
			<string>39C528C21A2684700018C017</string>
			<key>isa</key>
			<string>PBXBuildFile</string>
		</dict>
		<key>39CA90611A2CD92D001FD52F</key>
		<dict>
			<key>fileEncoding</key>
			<string>4</string>
			<key>isa</key>
			<string>PBXFileReference</string>
			<key>lastKnownFileType</key>
			<string>sourcecode.c.h</string>
			<key>path</key>
			<string>ProductCollectionViewCell.h</string>
			<key>sourceTree</key>
			<string>&lt;group&gt;</string>
		</dict>
		<key>39CA90621A2CD92D001FD52F</key>
		<dict>
			<key>fileEncoding</key>
			<string>4</string>
			<key>isa</key>
			<string>PBXFileReference</string>
			<key>lastKnownFileType</key>
			<string>sourcecode.c.objc</string>
			<key>path</key>
			<string>ProductCollectionViewCell.m</string>
			<key>sourceTree</key>
			<string>&lt;group&gt;</string>
		</dict>
		<key>39CA90631A2CD92D001FD52F</key>
		<dict>
			<key>fileRef</key>
			<string>39CA90621A2CD92D001FD52F</string>
			<key>isa</key>
			<string>PBXBuildFile</string>
		</dict>
		<key>39CA90651A2CE3BE001FD52F</key>
		<dict>
			<key>fileEncoding</key>
			<string>4</string>
			<key>isa</key>
			<string>PBXFileReference</string>
			<key>lastKnownFileType</key>
			<string>sourcecode.c.h</string>
			<key>path</key>
			<string>BicycleCollectionViewCell.h</string>
			<key>sourceTree</key>
			<string>&lt;group&gt;</string>
		</dict>
		<key>39CA90661A2CE3BE001FD52F</key>
		<dict>
			<key>fileEncoding</key>
			<string>4</string>
			<key>isa</key>
			<string>PBXFileReference</string>
			<key>lastKnownFileType</key>
			<string>sourcecode.c.objc</string>
			<key>path</key>
			<string>BicycleCollectionViewCell.m</string>
			<key>sourceTree</key>
			<string>&lt;group&gt;</string>
		</dict>
		<key>39CA90671A2CE3BE001FD52F</key>
		<dict>
			<key>fileRef</key>
			<string>39CA90661A2CE3BE001FD52F</string>
			<key>isa</key>
			<string>PBXBuildFile</string>
		</dict>
		<key>39CA906B1A2D1E2B001FD52F</key>
		<dict>
			<key>fileEncoding</key>
			<string>4</string>
			<key>isa</key>
			<string>PBXFileReference</string>
			<key>lastKnownFileType</key>
			<string>sourcecode.c.h</string>
			<key>path</key>
			<string>Accessory.h</string>
			<key>sourceTree</key>
			<string>&lt;group&gt;</string>
		</dict>
		<key>39CA906C1A2D1E2B001FD52F</key>
		<dict>
			<key>fileEncoding</key>
			<string>4</string>
			<key>isa</key>
			<string>PBXFileReference</string>
			<key>lastKnownFileType</key>
			<string>sourcecode.c.objc</string>
			<key>path</key>
			<string>Accessory.m</string>
			<key>sourceTree</key>
			<string>&lt;group&gt;</string>
		</dict>
		<key>39CA906D1A2D1E2B001FD52F</key>
		<dict>
			<key>fileRef</key>
			<string>39CA906C1A2D1E2B001FD52F</string>
			<key>isa</key>
			<string>PBXBuildFile</string>
		</dict>
		<key>39CA906E1A2D1FB5001FD52F</key>
		<dict>
			<key>fileEncoding</key>
			<string>4</string>
			<key>isa</key>
			<string>PBXFileReference</string>
			<key>lastKnownFileType</key>
			<string>sourcecode.c.h</string>
			<key>name</key>
			<string>Bicycle.h</string>
			<key>path</key>
			<string>../Bicycle.h</string>
			<key>sourceTree</key>
			<string>&lt;group&gt;</string>
		</dict>
		<key>39CA906F1A2D1FB5001FD52F</key>
		<dict>
			<key>fileEncoding</key>
			<string>4</string>
			<key>isa</key>
			<string>PBXFileReference</string>
			<key>lastKnownFileType</key>
			<string>sourcecode.c.objc</string>
			<key>name</key>
			<string>Bicycle.m</string>
			<key>path</key>
			<string>../Bicycle.m</string>
			<key>sourceTree</key>
			<string>&lt;group&gt;</string>
		</dict>
		<key>39CA90701A2D1FB5001FD52F</key>
		<dict>
			<key>fileRef</key>
			<string>39CA906F1A2D1FB5001FD52F</string>
			<key>isa</key>
			<string>PBXBuildFile</string>
		</dict>
		<key>39CA90711A2D21F7001FD52F</key>
		<dict>
			<key>fileEncoding</key>
			<string>4</string>
			<key>isa</key>
			<string>PBXFileReference</string>
			<key>lastKnownFileType</key>
			<string>sourcecode.c.h</string>
			<key>name</key>
			<string>Photo.h</string>
			<key>path</key>
			<string>../Photo.h</string>
			<key>sourceTree</key>
			<string>&lt;group&gt;</string>
		</dict>
		<key>39CA90721A2D21F7001FD52F</key>
		<dict>
			<key>fileEncoding</key>
			<string>4</string>
			<key>isa</key>
			<string>PBXFileReference</string>
			<key>lastKnownFileType</key>
			<string>sourcecode.c.objc</string>
			<key>name</key>
			<string>Photo.m</string>
			<key>path</key>
			<string>../Photo.m</string>
			<key>sourceTree</key>
			<string>&lt;group&gt;</string>
		</dict>
		<key>39CA90731A2D21F7001FD52F</key>
		<dict>
			<key>fileRef</key>
			<string>39CA90721A2D21F7001FD52F</string>
			<key>isa</key>
			<string>PBXBuildFile</string>
		</dict>
		<key>39CA90741A2D22BA001FD52F</key>
		<dict>
			<key>children</key>
			<array>
				<string>39CA906B1A2D1E2B001FD52F</string>
				<string>39CA906C1A2D1E2B001FD52F</string>
				<string>39CA906E1A2D1FB5001FD52F</string>
				<string>39CA906F1A2D1FB5001FD52F</string>
				<string>39CA90711A2D21F7001FD52F</string>
				<string>39CA90721A2D21F7001FD52F</string>
				<string>3914E18E1A2E3E4A00301DD3</string>
				<string>3914E18F1A2E3E4A00301DD3</string>
				<string>3914E1911A2E411400301DD3</string>
				<string>3914E1921A2E411400301DD3</string>
				<string>87EAEB931A2F9713002FEBB4</string>
				<string>87EAEB941A2F9713002FEBB4</string>
			</array>
			<key>isa</key>
			<string>PBXGroup</string>
			<key>name</key>
			<string>Model</string>
			<key>sourceTree</key>
			<string>&lt;group&gt;</string>
		</dict>
		<key>39DE840A1A2680D300BB47FB</key>
		<dict>
			<key>children</key>
			<array>
				<string>39DE84201A2680D300BB47FB</string>
				<string>39DE84151A2680D300BB47FB</string>
				<string>39DE842F1A2680D300BB47FB</string>
				<string>39DE84141A2680D300BB47FB</string>
				<string>3928AF611A26869400BE9DBC</string>
				<string>DFA87A5C7FC8F2086505DFE8</string>
			</array>
			<key>isa</key>
			<string>PBXGroup</string>
			<key>sourceTree</key>
			<string>&lt;group&gt;</string>
		</dict>
		<key>39DE840B1A2680D300BB47FB</key>
		<dict>
			<key>attributes</key>
			<dict>
				<key>LastUpgradeCheck</key>
				<string>0610</string>
				<key>ORGANIZATIONNAME</key>
				<string>MVA</string>
				<key>TargetAttributes</key>
				<dict>
					<key>39DE84121A2680D300BB47FB</key>
					<dict>
						<key>CreatedOnToolsVersion</key>
						<string>6.1</string>
						<key>DevelopmentTeam</key>
						<string>NBT9DPT8GS</string>
						<key>SystemCapabilities</key>
						<dict>
							<key>com.apple.BackgroundModes</key>
							<dict>
								<key>enabled</key>
								<string>0</string>
							</dict>
							<key>com.apple.GameCenter</key>
							<dict>
								<key>enabled</key>
								<string>0</string>
							</dict>
							<key>com.apple.InAppPurchase</key>
							<dict>
								<key>enabled</key>
								<string>0</string>
							</dict>
							<key>com.apple.OMC</key>
							<dict>
								<key>enabled</key>
								<string>1</string>
							</dict>
							<key>com.apple.Passbook</key>
							<dict>
								<key>enabled</key>
								<string>0</string>
							</dict>
						</dict>
					</dict>
					<key>39DE842B1A2680D300BB47FB</key>
					<dict>
						<key>CreatedOnToolsVersion</key>
						<string>6.1</string>
						<key>DevelopmentTeam</key>
						<string>E2V48AYLA7</string>
						<key>TestTargetID</key>
						<string>39DE84121A2680D300BB47FB</string>
					</dict>
				</dict>
			</dict>
			<key>buildConfigurationList</key>
			<string>39DE840E1A2680D300BB47FB</string>
			<key>compatibilityVersion</key>
			<string>Xcode 3.2</string>
			<key>developmentRegion</key>
			<string>English</string>
			<key>hasScannedForEncodings</key>
			<string>0</string>
			<key>isa</key>
			<string>PBXProject</string>
			<key>knownRegions</key>
			<array>
				<string>en</string>
				<string>Base</string>
			</array>
			<key>mainGroup</key>
			<string>39DE840A1A2680D300BB47FB</string>
			<key>productRefGroup</key>
			<string>39DE84141A2680D300BB47FB</string>
			<key>projectDirPath</key>
			<string></string>
			<key>projectReferences</key>
			<array/>
			<key>projectRoot</key>
			<string></string>
			<key>targets</key>
			<array>
				<string>39DE84121A2680D300BB47FB</string>
				<string>39DE842B1A2680D300BB47FB</string>
			</array>
		</dict>
		<key>39DE840E1A2680D300BB47FB</key>
		<dict>
			<key>buildConfigurations</key>
			<array>
				<string>39DE84341A2680D300BB47FB</string>
				<string>39DE84351A2680D300BB47FB</string>
			</array>
			<key>defaultConfigurationIsVisible</key>
			<string>0</string>
			<key>defaultConfigurationName</key>
			<string>Release</string>
			<key>isa</key>
			<string>XCConfigurationList</string>
		</dict>
		<key>39DE840F1A2680D300BB47FB</key>
		<dict>
			<key>buildActionMask</key>
			<string>2147483647</string>
			<key>files</key>
			<array>
				<string>39CA90731A2D21F7001FD52F</string>
				<string>39CA90671A2CE3BE001FD52F</string>
				<string>39DE841C1A2680D300BB47FB</string>
				<string>39DE84411A2683AF00BB47FB</string>
				<string>FB0E0B3E1A293EB50053F9D1</string>
				<string>FB0E0B691A2943EB0053F9D1</string>
				<string>FB0E0B611A2943EB0053F9D1</string>
				<string>FBCF66AE1A2D1D5F006487DD</string>
				<string>FB7F27A91A2A9FDB00328CE8</string>
				<string>3928AF341A2684A800BE9DBC</string>
				<string>39DE843E1A26835500BB47FB</string>
				<string>39DE84191A2680D300BB47FB</string>
				<string>FB0E0B6D1A2943EB0053F9D1</string>
				<string>FB0E0B401A293EB50053F9D1</string>
				<string>FB0E0B4C1A293EB50053F9D1</string>
				<string>39C528C31A2684700018C017</string>
				<string>39CA906D1A2D1E2B001FD52F</string>
				<string>87EAEB981A2FC4AD002FEBB4</string>
				<string>3914E1901A2E3E4A00301DD3</string>
				<string>FB0E0B5F1A2943EB0053F9D1</string>
				<string>FB0E0B671A2943EB0053F9D1</string>
				<string>39CA90631A2CD92D001FD52F</string>
				<string>3928AF371A26852200BE9DBC</string>
				<string>FB3338C41A311CA300FCE9C8</string>
				<string>FB0E0B651A2943EB0053F9D1</string>
				<string>FB0E0B481A293EB50053F9D1</string>
				<string>87EAEB951A2F9713002FEBB4</string>
				<string>FB0E0B461A293EB50053F9D1</string>
				<string>FB0E0B441A293EB50053F9D1</string>
				<string>FB0E0B4A1A293EB50053F9D1</string>
				<string>FB0E0B421A293EB50053F9D1</string>
				<string>39CA90701A2D1FB5001FD52F</string>
				<string>3914E1931A2E411400301DD3</string>
				<string>FB0E0B631A2943EB0053F9D1</string>
			</array>
			<key>isa</key>
			<string>PBXSourcesBuildPhase</string>
			<key>runOnlyForDeploymentPostprocessing</key>
			<string>0</string>
		</dict>
		<key>39DE84101A2680D300BB47FB</key>
		<dict>
			<key>buildActionMask</key>
			<string>2147483647</string>
			<key>files</key>
			<array>
				<string>87EAEB891A2CF7A2002FEBB4</string>
				<string>87EAEB8A1A2CF7A2002FEBB4</string>
				<string>87EAEB8B1A2CF7A2002FEBB4</string>
				<string>87EAEB8C1A2CF7A2002FEBB4</string>
				<string>396881081A26AD68001D1AE7</string>
				<string>3928AF601A26867400BE9DBC</string>
				<string>3928AF431A2685F500BE9DBC</string>
				<string>3928AF531A26863800BE9DBC</string>
				<string>3928AF511A26863200BE9DBC</string>
				<string>3928AF4F1A26862A00BE9DBC</string>
				<string>3928AF4D1A26862100BE9DBC</string>
				<string>3928AF4B1A26861A00BE9DBC</string>
				<string>3928AF491A26861500BE9DBC</string>
				<string>3928AF471A26860500BE9DBC</string>
				<string>3928AF451A2685FD00BE9DBC</string>
				<string>3928AF3F1A2685D800BE9DBC</string>
				<string>3928AF3D1A2685CD00BE9DBC</string>
				<string>3928AF3B1A2685C700BE9DBC</string>
				<string>3928AF391A2685C100BE9DBC</string>
				<string>E982619AA94CD9B7D9F3B91D</string>
			</array>
			<key>isa</key>
			<string>PBXFrameworksBuildPhase</string>
			<key>runOnlyForDeploymentPostprocessing</key>
			<string>0</string>
		</dict>
		<key>39DE84111A2680D300BB47FB</key>
		<dict>
			<key>buildActionMask</key>
			<string>2147483647</string>
			<key>files</key>
			<array>
				<string>39DE84221A2680D300BB47FB</string>
				<string>39DE84271A2680D300BB47FB</string>
				<string>FB0E0B6B1A2943EB0053F9D1</string>
				<string>39DE84241A2680D300BB47FB</string>
			</array>
			<key>isa</key>
			<string>PBXResourcesBuildPhase</string>
			<key>runOnlyForDeploymentPostprocessing</key>
			<string>0</string>
		</dict>
		<key>39DE84121A2680D300BB47FB</key>
		<dict>
			<key>buildConfigurationList</key>
			<string>39DE84361A2680D300BB47FB</string>
			<key>buildPhases</key>
			<array>
				<string>C490F62FE83CF778C79EE3C7</string>
				<string>39DE840F1A2680D300BB47FB</string>
				<string>39DE84101A2680D300BB47FB</string>
				<string>39DE84111A2680D300BB47FB</string>
				<string>E7645FE84448E84572865864</string>
			</array>
			<key>buildRules</key>
			<array/>
			<key>dependencies</key>
			<array/>
			<key>isa</key>
			<string>PBXNativeTarget</string>
			<key>name</key>
			<string>CityBicycleCompany</string>
			<key>productName</key>
			<string>CityBicycleCompany</string>
			<key>productReference</key>
			<string>39DE84131A2680D300BB47FB</string>
			<key>productType</key>
			<string>com.apple.product-type.application</string>
		</dict>
		<key>39DE84131A2680D300BB47FB</key>
		<dict>
			<key>explicitFileType</key>
			<string>wrapper.application</string>
			<key>includeInIndex</key>
			<string>0</string>
			<key>isa</key>
			<string>PBXFileReference</string>
			<key>path</key>
			<string>CityBicycleCompany.app</string>
			<key>sourceTree</key>
			<string>BUILT_PRODUCTS_DIR</string>
		</dict>
		<key>39DE84141A2680D300BB47FB</key>
		<dict>
			<key>children</key>
			<array>
				<string>39DE84131A2680D300BB47FB</string>
				<string>39DE842C1A2680D300BB47FB</string>
			</array>
			<key>isa</key>
			<string>PBXGroup</string>
			<key>name</key>
			<string>Products</string>
			<key>sourceTree</key>
			<string>&lt;group&gt;</string>
		</dict>
		<key>39DE84151A2680D300BB47FB</key>
		<dict>
			<key>children</key>
			<array>
				<string>FB0E0B4E1A2943EB0053F9D1</string>
				<string>FB0E0B291A293EB50053F9D1</string>
				<string>3928AF621A269DC100BE9DBC</string>
				<string>39DE843F1A2683AF00BB47FB</string>
				<string>39DE84401A2683AF00BB47FB</string>
				<string>3928AF321A2684A800BE9DBC</string>
				<string>3928AF331A2684A800BE9DBC</string>
				<string>39DE843C1A26835500BB47FB</string>
				<string>39DE843D1A26835500BB47FB</string>
				<string>39C528C11A2684700018C017</string>
				<string>39C528C21A2684700018C017</string>
				<string>3928AF351A26852200BE9DBC</string>
				<string>3928AF361A26852200BE9DBC</string>
				<string>39CA90611A2CD92D001FD52F</string>
				<string>39CA90621A2CD92D001FD52F</string>
				<string>39CA90651A2CE3BE001FD52F</string>
				<string>39CA90661A2CE3BE001FD52F</string>
				<string>87EAEB961A2FC4AC002FEBB4</string>
				<string>87EAEB971A2FC4AD002FEBB4</string>
				<string>FB3338C21A311CA300FCE9C8</string>
				<string>FB3338C31A311CA300FCE9C8</string>
				<string>39CA90741A2D22BA001FD52F</string>
				<string>39DE84231A2680D300BB47FB</string>
				<string>39DE84251A2680D300BB47FB</string>
				<string>39DE84161A2680D300BB47FB</string>
			</array>
			<key>isa</key>
			<string>PBXGroup</string>
			<key>path</key>
			<string>CityBicycleCompany</string>
			<key>sourceTree</key>
			<string>&lt;group&gt;</string>
		</dict>
		<key>39DE84161A2680D300BB47FB</key>
		<dict>
			<key>children</key>
			<array>
				<string>39DE841A1A2680D300BB47FB</string>
				<string>39DE841B1A2680D300BB47FB</string>
				<string>FB7F27A71A2A9FDB00328CE8</string>
				<string>FB7F27A81A2A9FDB00328CE8</string>
				<string>39DE84171A2680D300BB47FB</string>
				<string>39DE84181A2680D300BB47FB</string>
			</array>
			<key>isa</key>
			<string>PBXGroup</string>
			<key>name</key>
			<string>Supporting Files</string>
			<key>sourceTree</key>
			<string>&lt;group&gt;</string>
		</dict>
		<key>39DE84171A2680D300BB47FB</key>
		<dict>
			<key>isa</key>
			<string>PBXFileReference</string>
			<key>lastKnownFileType</key>
			<string>text.plist.xml</string>
			<key>path</key>
			<string>Info.plist</string>
			<key>sourceTree</key>
			<string>&lt;group&gt;</string>
		</dict>
		<key>39DE84181A2680D300BB47FB</key>
		<dict>
			<key>isa</key>
			<string>PBXFileReference</string>
			<key>lastKnownFileType</key>
			<string>sourcecode.c.objc</string>
			<key>path</key>
			<string>main.m</string>
			<key>sourceTree</key>
			<string>&lt;group&gt;</string>
		</dict>
		<key>39DE84191A2680D300BB47FB</key>
		<dict>
			<key>fileRef</key>
			<string>39DE84181A2680D300BB47FB</string>
			<key>isa</key>
			<string>PBXBuildFile</string>
		</dict>
		<key>39DE841A1A2680D300BB47FB</key>
		<dict>
			<key>isa</key>
			<string>PBXFileReference</string>
			<key>lastKnownFileType</key>
			<string>sourcecode.c.h</string>
			<key>path</key>
			<string>AppDelegate.h</string>
			<key>sourceTree</key>
			<string>&lt;group&gt;</string>
		</dict>
		<key>39DE841B1A2680D300BB47FB</key>
		<dict>
			<key>isa</key>
			<string>PBXFileReference</string>
			<key>lastKnownFileType</key>
			<string>sourcecode.c.objc</string>
			<key>path</key>
			<string>AppDelegate.m</string>
			<key>sourceTree</key>
			<string>&lt;group&gt;</string>
		</dict>
		<key>39DE841C1A2680D300BB47FB</key>
		<dict>
			<key>fileRef</key>
			<string>39DE841B1A2680D300BB47FB</string>
			<key>isa</key>
			<string>PBXBuildFile</string>
		</dict>
		<key>39DE84201A2680D300BB47FB</key>
		<dict>
			<key>children</key>
			<array>
				<string>39DE84211A2680D300BB47FB</string>
			</array>
			<key>isa</key>
			<string>PBXVariantGroup</string>
			<key>name</key>
			<string>Main.storyboard</string>
			<key>path</key>
			<string>CityBicycleCompany</string>
			<key>sourceTree</key>
			<string>&lt;group&gt;</string>
		</dict>
		<key>39DE84211A2680D300BB47FB</key>
		<dict>
			<key>isa</key>
			<string>PBXFileReference</string>
			<key>lastKnownFileType</key>
			<string>file.storyboard</string>
			<key>name</key>
			<string>Base</string>
			<key>path</key>
			<string>Base.lproj/Main.storyboard</string>
			<key>sourceTree</key>
			<string>&lt;group&gt;</string>
		</dict>
		<key>39DE84221A2680D300BB47FB</key>
		<dict>
			<key>fileRef</key>
			<string>39DE84201A2680D300BB47FB</string>
			<key>isa</key>
			<string>PBXBuildFile</string>
		</dict>
		<key>39DE84231A2680D300BB47FB</key>
		<dict>
			<key>isa</key>
			<string>PBXFileReference</string>
			<key>lastKnownFileType</key>
			<string>folder.assetcatalog</string>
			<key>path</key>
			<string>Images.xcassets</string>
			<key>sourceTree</key>
			<string>&lt;group&gt;</string>
		</dict>
		<key>39DE84241A2680D300BB47FB</key>
		<dict>
			<key>fileRef</key>
			<string>39DE84231A2680D300BB47FB</string>
			<key>isa</key>
			<string>PBXBuildFile</string>
		</dict>
		<key>39DE84251A2680D300BB47FB</key>
		<dict>
			<key>children</key>
			<array>
				<string>39DE84261A2680D300BB47FB</string>
			</array>
			<key>isa</key>
			<string>PBXVariantGroup</string>
			<key>name</key>
			<string>LaunchScreen.xib</string>
			<key>sourceTree</key>
			<string>&lt;group&gt;</string>
		</dict>
		<key>39DE84261A2680D300BB47FB</key>
		<dict>
			<key>isa</key>
			<string>PBXFileReference</string>
			<key>lastKnownFileType</key>
			<string>file.xib</string>
			<key>name</key>
			<string>Base</string>
			<key>path</key>
			<string>Base.lproj/LaunchScreen.xib</string>
			<key>sourceTree</key>
			<string>&lt;group&gt;</string>
		</dict>
		<key>39DE84271A2680D300BB47FB</key>
		<dict>
			<key>fileRef</key>
			<string>39DE84251A2680D300BB47FB</string>
			<key>isa</key>
			<string>PBXBuildFile</string>
		</dict>
		<key>39DE84281A2680D300BB47FB</key>
		<dict>
			<key>buildActionMask</key>
			<string>2147483647</string>
			<key>files</key>
			<array>
				<string>FB0E0B6A1A2943EB0053F9D1</string>
				<string>FB0E0B451A293EB50053F9D1</string>
				<string>FB0E0B601A2943EB0053F9D1</string>
				<string>FB0E0B491A293EB50053F9D1</string>
				<string>FB0E0B4B1A293EB50053F9D1</string>
				<string>FB0E0B411A293EB50053F9D1</string>
				<string>FB0E0B3F1A293EB50053F9D1</string>
				<string>FB0E0B471A293EB50053F9D1</string>
				<string>39DE84331A2680D300BB47FB</string>
				<string>FB0E0B4D1A293EB50053F9D1</string>
				<string>FB0E0B681A2943EB0053F9D1</string>
				<string>FB0E0B661A2943EB0053F9D1</string>
				<string>FB0E0B431A293EB50053F9D1</string>
				<string>FB0E0B621A2943EB0053F9D1</string>
				<string>FB0E0B6E1A2943EB0053F9D1</string>
				<string>FB0E0B641A2943EB0053F9D1</string>
			</array>
			<key>isa</key>
			<string>PBXSourcesBuildPhase</string>
			<key>runOnlyForDeploymentPostprocessing</key>
			<string>0</string>
		</dict>
		<key>39DE84291A2680D300BB47FB</key>
		<dict>
			<key>buildActionMask</key>
			<string>2147483647</string>
			<key>files</key>
			<array/>
			<key>isa</key>
			<string>PBXFrameworksBuildPhase</string>
			<key>runOnlyForDeploymentPostprocessing</key>
			<string>0</string>
		</dict>
		<key>39DE842A1A2680D300BB47FB</key>
		<dict>
			<key>buildActionMask</key>
			<string>2147483647</string>
			<key>files</key>
			<array>
				<string>FB0E0B6C1A2943EB0053F9D1</string>
			</array>
			<key>isa</key>
			<string>PBXResourcesBuildPhase</string>
			<key>runOnlyForDeploymentPostprocessing</key>
			<string>0</string>
		</dict>
		<key>39DE842B1A2680D300BB47FB</key>
		<dict>
			<key>buildConfigurationList</key>
			<string>39DE84391A2680D300BB47FB</string>
			<key>buildPhases</key>
			<array>
				<string>39DE84281A2680D300BB47FB</string>
				<string>39DE84291A2680D300BB47FB</string>
				<string>39DE842A1A2680D300BB47FB</string>
			</array>
			<key>buildRules</key>
			<array/>
			<key>dependencies</key>
			<array>
				<string>39DE842E1A2680D300BB47FB</string>
			</array>
			<key>isa</key>
			<string>PBXNativeTarget</string>
			<key>name</key>
			<string>CityBicycleCompanyTests</string>
			<key>productName</key>
			<string>CityBicycleCompanyTests</string>
			<key>productReference</key>
			<string>39DE842C1A2680D300BB47FB</string>
			<key>productType</key>
			<string>com.apple.product-type.bundle.unit-test</string>
		</dict>
		<key>39DE842C1A2680D300BB47FB</key>
		<dict>
			<key>explicitFileType</key>
			<string>wrapper.cfbundle</string>
			<key>includeInIndex</key>
			<string>0</string>
			<key>isa</key>
			<string>PBXFileReference</string>
			<key>path</key>
			<string>CityBicycleCompanyTests.xctest</string>
			<key>sourceTree</key>
			<string>BUILT_PRODUCTS_DIR</string>
		</dict>
		<key>39DE842D1A2680D300BB47FB</key>
		<dict>
			<key>containerPortal</key>
			<string>39DE840B1A2680D300BB47FB</string>
			<key>isa</key>
			<string>PBXContainerItemProxy</string>
			<key>proxyType</key>
			<string>1</string>
			<key>remoteGlobalIDString</key>
			<string>39DE84121A2680D300BB47FB</string>
			<key>remoteInfo</key>
			<string>CityBicycleCompany</string>
		</dict>
		<key>39DE842E1A2680D300BB47FB</key>
		<dict>
			<key>isa</key>
			<string>PBXTargetDependency</string>
			<key>target</key>
			<string>39DE84121A2680D300BB47FB</string>
			<key>targetProxy</key>
			<string>39DE842D1A2680D300BB47FB</string>
		</dict>
		<key>39DE842F1A2680D300BB47FB</key>
		<dict>
			<key>children</key>
			<array>
				<string>39DE84321A2680D300BB47FB</string>
				<string>39DE84301A2680D300BB47FB</string>
			</array>
			<key>isa</key>
			<string>PBXGroup</string>
			<key>path</key>
			<string>CityBicycleCompanyTests</string>
			<key>sourceTree</key>
			<string>&lt;group&gt;</string>
		</dict>
		<key>39DE84301A2680D300BB47FB</key>
		<dict>
			<key>children</key>
			<array>
				<string>39DE84311A2680D300BB47FB</string>
			</array>
			<key>isa</key>
			<string>PBXGroup</string>
			<key>name</key>
			<string>Supporting Files</string>
			<key>sourceTree</key>
			<string>&lt;group&gt;</string>
		</dict>
		<key>39DE84311A2680D300BB47FB</key>
		<dict>
			<key>isa</key>
			<string>PBXFileReference</string>
			<key>lastKnownFileType</key>
			<string>text.plist.xml</string>
			<key>path</key>
			<string>Info.plist</string>
			<key>sourceTree</key>
			<string>&lt;group&gt;</string>
		</dict>
		<key>39DE84321A2680D300BB47FB</key>
		<dict>
			<key>isa</key>
			<string>PBXFileReference</string>
			<key>lastKnownFileType</key>
			<string>sourcecode.c.objc</string>
			<key>path</key>
			<string>CityBicycleCompanyTests.m</string>
			<key>sourceTree</key>
			<string>&lt;group&gt;</string>
		</dict>
		<key>39DE84331A2680D300BB47FB</key>
		<dict>
			<key>fileRef</key>
			<string>39DE84321A2680D300BB47FB</string>
			<key>isa</key>
			<string>PBXBuildFile</string>
		</dict>
		<key>39DE84341A2680D300BB47FB</key>
		<dict>
			<key>buildSettings</key>
			<dict>
				<key>ALWAYS_SEARCH_USER_PATHS</key>
				<string>NO</string>
				<key>CLANG_CXX_LANGUAGE_STANDARD</key>
				<string>gnu++0x</string>
				<key>CLANG_CXX_LIBRARY</key>
				<string>libc++</string>
				<key>CLANG_ENABLE_MODULES</key>
				<string>YES</string>
				<key>CLANG_ENABLE_OBJC_ARC</key>
				<string>YES</string>
				<key>CLANG_WARN_BOOL_CONVERSION</key>
				<string>YES</string>
				<key>CLANG_WARN_CONSTANT_CONVERSION</key>
				<string>YES</string>
				<key>CLANG_WARN_DIRECT_OBJC_ISA_USAGE</key>
				<string>YES_ERROR</string>
				<key>CLANG_WARN_EMPTY_BODY</key>
				<string>YES</string>
				<key>CLANG_WARN_ENUM_CONVERSION</key>
				<string>YES</string>
				<key>CLANG_WARN_INT_CONVERSION</key>
				<string>YES</string>
				<key>CLANG_WARN_OBJC_ROOT_CLASS</key>
				<string>YES_ERROR</string>
				<key>CLANG_WARN_UNREACHABLE_CODE</key>
				<string>YES</string>
				<key>CLANG_WARN__DUPLICATE_METHOD_MATCH</key>
				<string>YES</string>
				<key>CODE_SIGN_IDENTITY[sdk=iphoneos*]</key>
				<string>iPhone Developer</string>
				<key>COPY_PHASE_STRIP</key>
				<string>NO</string>
				<key>ENABLE_STRICT_OBJC_MSGSEND</key>
				<string>YES</string>
				<key>GCC_C_LANGUAGE_STANDARD</key>
				<string>gnu99</string>
				<key>GCC_DYNAMIC_NO_PIC</key>
				<string>NO</string>
				<key>GCC_OPTIMIZATION_LEVEL</key>
				<string>0</string>
				<key>GCC_PREPROCESSOR_DEFINITIONS</key>
				<array>
					<string>DEBUG=1</string>
					<string>$(inherited)</string>
				</array>
				<key>GCC_SYMBOLS_PRIVATE_EXTERN</key>
				<string>NO</string>
				<key>GCC_WARN_64_TO_32_BIT_CONVERSION</key>
				<string>YES</string>
				<key>GCC_WARN_ABOUT_RETURN_TYPE</key>
				<string>YES_ERROR</string>
				<key>GCC_WARN_UNDECLARED_SELECTOR</key>
				<string>YES</string>
				<key>GCC_WARN_UNINITIALIZED_AUTOS</key>
				<string>YES_AGGRESSIVE</string>
				<key>GCC_WARN_UNUSED_FUNCTION</key>
				<string>YES</string>
				<key>GCC_WARN_UNUSED_VARIABLE</key>
				<string>YES</string>
				<key>IPHONEOS_DEPLOYMENT_TARGET</key>
				<string>8.1</string>
				<key>MTL_ENABLE_DEBUG_INFO</key>
				<string>YES</string>
				<key>ONLY_ACTIVE_ARCH</key>
				<string>YES</string>
				<key>PROVISIONING_PROFILE</key>
				<string>bfdf0495-562c-4b17-9ad9-615b4f98865b</string>
				<key>SDKROOT</key>
				<string>iphoneos</string>
			</dict>
			<key>isa</key>
			<string>XCBuildConfiguration</string>
			<key>name</key>
			<string>Debug</string>
		</dict>
		<key>39DE84351A2680D300BB47FB</key>
		<dict>
			<key>buildSettings</key>
			<dict>
				<key>ALWAYS_SEARCH_USER_PATHS</key>
				<string>NO</string>
				<key>CLANG_CXX_LANGUAGE_STANDARD</key>
				<string>gnu++0x</string>
				<key>CLANG_CXX_LIBRARY</key>
				<string>libc++</string>
				<key>CLANG_ENABLE_MODULES</key>
				<string>YES</string>
				<key>CLANG_ENABLE_OBJC_ARC</key>
				<string>YES</string>
				<key>CLANG_WARN_BOOL_CONVERSION</key>
				<string>YES</string>
				<key>CLANG_WARN_CONSTANT_CONVERSION</key>
				<string>YES</string>
				<key>CLANG_WARN_DIRECT_OBJC_ISA_USAGE</key>
				<string>YES_ERROR</string>
				<key>CLANG_WARN_EMPTY_BODY</key>
				<string>YES</string>
				<key>CLANG_WARN_ENUM_CONVERSION</key>
				<string>YES</string>
				<key>CLANG_WARN_INT_CONVERSION</key>
				<string>YES</string>
				<key>CLANG_WARN_OBJC_ROOT_CLASS</key>
				<string>YES_ERROR</string>
				<key>CLANG_WARN_UNREACHABLE_CODE</key>
				<string>YES</string>
				<key>CLANG_WARN__DUPLICATE_METHOD_MATCH</key>
				<string>YES</string>
				<key>CODE_SIGN_IDENTITY[sdk=iphoneos*]</key>
				<string>iPhone Developer</string>
				<key>COPY_PHASE_STRIP</key>
				<string>YES</string>
				<key>ENABLE_NS_ASSERTIONS</key>
				<string>NO</string>
				<key>ENABLE_STRICT_OBJC_MSGSEND</key>
				<string>YES</string>
				<key>GCC_C_LANGUAGE_STANDARD</key>
				<string>gnu99</string>
				<key>GCC_WARN_64_TO_32_BIT_CONVERSION</key>
				<string>YES</string>
				<key>GCC_WARN_ABOUT_RETURN_TYPE</key>
				<string>YES_ERROR</string>
				<key>GCC_WARN_UNDECLARED_SELECTOR</key>
				<string>YES</string>
				<key>GCC_WARN_UNINITIALIZED_AUTOS</key>
				<string>YES_AGGRESSIVE</string>
				<key>GCC_WARN_UNUSED_FUNCTION</key>
				<string>YES</string>
				<key>GCC_WARN_UNUSED_VARIABLE</key>
				<string>YES</string>
				<key>IPHONEOS_DEPLOYMENT_TARGET</key>
				<string>8.1</string>
				<key>MTL_ENABLE_DEBUG_INFO</key>
				<string>NO</string>
				<key>PROVISIONING_PROFILE</key>
				<string>bfdf0495-562c-4b17-9ad9-615b4f98865b</string>
				<key>SDKROOT</key>
				<string>iphoneos</string>
				<key>VALIDATE_PRODUCT</key>
				<string>YES</string>
			</dict>
			<key>isa</key>
			<string>XCBuildConfiguration</string>
			<key>name</key>
			<string>Release</string>
		</dict>
		<key>39DE84361A2680D300BB47FB</key>
		<dict>
			<key>buildConfigurations</key>
			<array>
				<string>39DE84371A2680D300BB47FB</string>
				<string>39DE84381A2680D300BB47FB</string>
			</array>
			<key>defaultConfigurationIsVisible</key>
			<string>0</string>
			<key>defaultConfigurationName</key>
			<string>Release</string>
			<key>isa</key>
			<string>XCConfigurationList</string>
		</dict>
		<key>39DE84371A2680D300BB47FB</key>
		<dict>
			<key>baseConfigurationReference</key>
			<string>B3B78D10A93EDB324FCB080F</string>
			<key>buildSettings</key>
			<dict>
				<key>ASSETCATALOG_COMPILER_APPICON_NAME</key>
				<string>AppIcon</string>
				<key>CODE_SIGN_ENTITLEMENTS</key>
				<string>CityBicycleCompany/CityBicycleCompany.entitlements</string>
				<key>CODE_SIGN_IDENTITY</key>
				<string>iPhone Developer</string>
				<key>CODE_SIGN_IDENTITY[sdk=iphoneos*]</key>
				<string>iPhone Developer</string>
				<key>FRAMEWORK_SEARCH_PATHS</key>
				<array>
					<string>$(inherited)</string>
					<string>$(PROJECT_DIR)/stripe-ios-master</string>
					<string>$(PROJECT_DIR)</string>
				</array>
				<key>GCC_PREPROCESSOR_DEFINITIONS</key>
				<array>
					<string>DEBUG=1</string>
					<string>$(inherited)</string>
					<string>STRIPE_ENABLE_APPLEPAY</string>
				</array>
				<key>INFOPLIST_FILE</key>
				<string>CityBicycleCompany/Info.plist</string>
				<key>IPHONEOS_DEPLOYMENT_TARGET</key>
				<string>8.1</string>
				<key>LD_RUNPATH_SEARCH_PATHS</key>
				<string>$(inherited) @executable_path/Frameworks</string>
				<key>PRODUCT_NAME</key>
				<string>$(TARGET_NAME)</string>
				<key>PROVISIONING_PROFILE</key>
				<string>c8aa4800-176a-432a-86ae-b89f5cba87b0</string>
			</dict>
			<key>isa</key>
			<string>XCBuildConfiguration</string>
			<key>name</key>
			<string>Debug</string>
		</dict>
		<key>39DE84381A2680D300BB47FB</key>
		<dict>
			<key>baseConfigurationReference</key>
			<string>7C3385CE7AD27122E6DDBED5</string>
			<key>buildSettings</key>
			<dict>
				<key>ASSETCATALOG_COMPILER_APPICON_NAME</key>
				<string>AppIcon</string>
				<key>CODE_SIGN_ENTITLEMENTS</key>
				<string>CityBicycleCompany/CityBicycleCompany.entitlements</string>
				<key>CODE_SIGN_IDENTITY</key>
				<string>iPhone Developer</string>
				<key>CODE_SIGN_IDENTITY[sdk=iphoneos*]</key>
				<string>iPhone Developer</string>
				<key>FRAMEWORK_SEARCH_PATHS</key>
				<array>
					<string>$(inherited)</string>
					<string>$(PROJECT_DIR)/stripe-ios-master</string>
					<string>$(PROJECT_DIR)</string>
				</array>
				<key>GCC_PREPROCESSOR_DEFINITIONS</key>
				<string>STRIPE_ENABLE_APPLEPAY</string>
				<key>INFOPLIST_FILE</key>
				<string>CityBicycleCompany/Info.plist</string>
				<key>IPHONEOS_DEPLOYMENT_TARGET</key>
				<string>8.1</string>
				<key>LD_RUNPATH_SEARCH_PATHS</key>
				<string>$(inherited) @executable_path/Frameworks</string>
				<key>PRODUCT_NAME</key>
				<string>$(TARGET_NAME)</string>
				<key>PROVISIONING_PROFILE</key>
				<string>c8aa4800-176a-432a-86ae-b89f5cba87b0</string>
			</dict>
			<key>isa</key>
			<string>XCBuildConfiguration</string>
			<key>name</key>
			<string>Release</string>
		</dict>
		<key>39DE84391A2680D300BB47FB</key>
		<dict>
			<key>buildConfigurations</key>
			<array>
				<string>39DE843A1A2680D300BB47FB</string>
				<string>39DE843B1A2680D300BB47FB</string>
			</array>
			<key>defaultConfigurationIsVisible</key>
			<string>0</string>
			<key>defaultConfigurationName</key>
			<string>Release</string>
			<key>isa</key>
			<string>XCConfigurationList</string>
		</dict>
		<key>39DE843A1A2680D300BB47FB</key>
		<dict>
			<key>buildSettings</key>
			<dict>
				<key>BUNDLE_LOADER</key>
				<string>$(TEST_HOST)</string>
				<key>CODE_SIGN_IDENTITY</key>
				<string>iPhone Developer</string>
				<key>CODE_SIGN_IDENTITY[sdk=iphoneos*]</key>
				<string>iPhone Developer</string>
				<key>FRAMEWORK_SEARCH_PATHS</key>
				<array>
					<string>$(SDKROOT)/Developer/Library/Frameworks</string>
					<string>$(inherited)</string>
				</array>
				<key>GCC_PREPROCESSOR_DEFINITIONS</key>
				<array>
					<string>DEBUG=1</string>
					<string>$(inherited)</string>
				</array>
				<key>INFOPLIST_FILE</key>
				<string>CityBicycleCompanyTests/Info.plist</string>
				<key>LD_RUNPATH_SEARCH_PATHS</key>
				<string>$(inherited) @executable_path/Frameworks @loader_path/Frameworks</string>
				<key>PRODUCT_NAME</key>
				<string>$(TARGET_NAME)</string>
				<key>PROVISIONING_PROFILE</key>
				<string>c8aa4800-176a-432a-86ae-b89f5cba87b0</string>
				<key>TEST_HOST</key>
				<string>$(BUILT_PRODUCTS_DIR)/CityBicycleCompany.app/CityBicycleCompany</string>
			</dict>
			<key>isa</key>
			<string>XCBuildConfiguration</string>
			<key>name</key>
			<string>Debug</string>
		</dict>
		<key>39DE843B1A2680D300BB47FB</key>
		<dict>
			<key>buildSettings</key>
			<dict>
				<key>BUNDLE_LOADER</key>
				<string>$(TEST_HOST)</string>
				<key>CODE_SIGN_IDENTITY</key>
				<string>iPhone Developer</string>
				<key>CODE_SIGN_IDENTITY[sdk=iphoneos*]</key>
				<string>iPhone Developer</string>
				<key>FRAMEWORK_SEARCH_PATHS</key>
				<array>
					<string>$(SDKROOT)/Developer/Library/Frameworks</string>
					<string>$(inherited)</string>
				</array>
				<key>INFOPLIST_FILE</key>
				<string>CityBicycleCompanyTests/Info.plist</string>
				<key>LD_RUNPATH_SEARCH_PATHS</key>
				<string>$(inherited) @executable_path/Frameworks @loader_path/Frameworks</string>
				<key>PRODUCT_NAME</key>
				<string>$(TARGET_NAME)</string>
				<key>PROVISIONING_PROFILE</key>
				<string>c8aa4800-176a-432a-86ae-b89f5cba87b0</string>
				<key>TEST_HOST</key>
				<string>$(BUILT_PRODUCTS_DIR)/CityBicycleCompany.app/CityBicycleCompany</string>
			</dict>
			<key>isa</key>
			<string>XCBuildConfiguration</string>
			<key>name</key>
			<string>Release</string>
		</dict>
		<key>39DE843C1A26835500BB47FB</key>
		<dict>
			<key>fileEncoding</key>
			<string>4</string>
			<key>isa</key>
			<string>PBXFileReference</string>
			<key>lastKnownFileType</key>
			<string>sourcecode.c.h</string>
			<key>path</key>
			<string>ProductViewController.h</string>
			<key>sourceTree</key>
			<string>&lt;group&gt;</string>
		</dict>
		<key>39DE843D1A26835500BB47FB</key>
		<dict>
			<key>fileEncoding</key>
			<string>4</string>
			<key>isa</key>
			<string>PBXFileReference</string>
			<key>lastKnownFileType</key>
			<string>sourcecode.c.objc</string>
			<key>path</key>
			<string>ProductViewController.m</string>
			<key>sourceTree</key>
			<string>&lt;group&gt;</string>
		</dict>
		<key>39DE843E1A26835500BB47FB</key>
		<dict>
			<key>fileRef</key>
			<string>39DE843D1A26835500BB47FB</string>
			<key>isa</key>
			<string>PBXBuildFile</string>
		</dict>
		<key>39DE843F1A2683AF00BB47FB</key>
		<dict>
			<key>fileEncoding</key>
			<string>4</string>
			<key>isa</key>
			<string>PBXFileReference</string>
			<key>lastKnownFileType</key>
			<string>sourcecode.c.h</string>
			<key>path</key>
			<string>AccessoriesViewController.h</string>
			<key>sourceTree</key>
			<string>&lt;group&gt;</string>
		</dict>
		<key>39DE84401A2683AF00BB47FB</key>
		<dict>
			<key>fileEncoding</key>
			<string>4</string>
			<key>isa</key>
			<string>PBXFileReference</string>
			<key>lastKnownFileType</key>
			<string>sourcecode.c.objc</string>
			<key>path</key>
			<string>AccessoriesViewController.m</string>
			<key>sourceTree</key>
			<string>&lt;group&gt;</string>
		</dict>
		<key>39DE84411A2683AF00BB47FB</key>
		<dict>
			<key>fileRef</key>
			<string>39DE84401A2683AF00BB47FB</string>
			<key>isa</key>
			<string>PBXBuildFile</string>
		</dict>
		<key>7C3385CE7AD27122E6DDBED5</key>
		<dict>
			<key>includeInIndex</key>
			<string>1</string>
			<key>isa</key>
			<string>PBXFileReference</string>
			<key>lastKnownFileType</key>
			<string>text.xcconfig</string>
			<key>name</key>
			<string>Pods-CityBicycleCompany.release.xcconfig</string>
			<key>path</key>
			<string>Pods/Target Support Files/Pods-CityBicycleCompany/Pods-CityBicycleCompany.release.xcconfig</string>
			<key>sourceTree</key>
			<string>&lt;group&gt;</string>
		</dict>
		<key>87EAEB851A2CF7A2002FEBB4</key>
		<dict>
			<key>isa</key>
			<string>PBXFileReference</string>
			<key>lastKnownFileType</key>
			<string>wrapper.framework</string>
			<key>path</key>
			<string>Bolts.framework</string>
			<key>sourceTree</key>
			<string>&lt;group&gt;</string>
		</dict>
		<key>87EAEB861A2CF7A2002FEBB4</key>
		<dict>
			<key>isa</key>
			<string>PBXFileReference</string>
			<key>lastKnownFileType</key>
			<string>wrapper.framework</string>
			<key>path</key>
			<string>Parse.framework</string>
			<key>sourceTree</key>
			<string>&lt;group&gt;</string>
		</dict>
		<key>87EAEB871A2CF7A2002FEBB4</key>
		<dict>
			<key>isa</key>
			<string>PBXFileReference</string>
			<key>lastKnownFileType</key>
			<string>wrapper.framework</string>
			<key>path</key>
			<string>ParseFacebookUtils.framework</string>
			<key>sourceTree</key>
			<string>&lt;group&gt;</string>
		</dict>
		<key>87EAEB881A2CF7A2002FEBB4</key>
		<dict>
			<key>isa</key>
			<string>PBXFileReference</string>
			<key>lastKnownFileType</key>
			<string>wrapper.framework</string>
			<key>path</key>
			<string>ParseUI.framework</string>
			<key>sourceTree</key>
			<string>&lt;group&gt;</string>
		</dict>
		<key>87EAEB891A2CF7A2002FEBB4</key>
		<dict>
			<key>fileRef</key>
			<string>87EAEB851A2CF7A2002FEBB4</string>
			<key>isa</key>
			<string>PBXBuildFile</string>
		</dict>
		<key>87EAEB8A1A2CF7A2002FEBB4</key>
		<dict>
			<key>fileRef</key>
			<string>87EAEB861A2CF7A2002FEBB4</string>
			<key>isa</key>
			<string>PBXBuildFile</string>
		</dict>
		<key>87EAEB8B1A2CF7A2002FEBB4</key>
		<dict>
			<key>fileRef</key>
			<string>87EAEB871A2CF7A2002FEBB4</string>
			<key>isa</key>
			<string>PBXBuildFile</string>
		</dict>
		<key>87EAEB8C1A2CF7A2002FEBB4</key>
		<dict>
			<key>fileRef</key>
			<string>87EAEB881A2CF7A2002FEBB4</string>
			<key>isa</key>
			<string>PBXBuildFile</string>
		</dict>
		<key>87EAEB931A2F9713002FEBB4</key>
		<dict>
			<key>fileEncoding</key>
			<string>4</string>
			<key>isa</key>
			<string>PBXFileReference</string>
			<key>lastKnownFileType</key>
			<string>sourcecode.c.h</string>
			<key>path</key>
			<string>ChosenAccessory.h</string>
			<key>sourceTree</key>
			<string>&lt;group&gt;</string>
		</dict>
		<key>87EAEB941A2F9713002FEBB4</key>
		<dict>
			<key>fileEncoding</key>
			<string>4</string>
			<key>isa</key>
			<string>PBXFileReference</string>
			<key>lastKnownFileType</key>
			<string>sourcecode.c.objc</string>
			<key>path</key>
			<string>ChosenAccessory.m</string>
			<key>sourceTree</key>
			<string>&lt;group&gt;</string>
		</dict>
		<key>87EAEB951A2F9713002FEBB4</key>
		<dict>
			<key>fileRef</key>
			<string>87EAEB941A2F9713002FEBB4</string>
			<key>isa</key>
			<string>PBXBuildFile</string>
		</dict>
		<key>87EAEB961A2FC4AC002FEBB4</key>
		<dict>
			<key>fileEncoding</key>
			<string>4</string>
			<key>isa</key>
			<string>PBXFileReference</string>
			<key>lastKnownFileType</key>
			<string>sourcecode.c.h</string>
			<key>path</key>
			<string>AccessoryCollectionViewCell.h</string>
			<key>sourceTree</key>
			<string>&lt;group&gt;</string>
		</dict>
		<key>87EAEB971A2FC4AD002FEBB4</key>
		<dict>
			<key>fileEncoding</key>
			<string>4</string>
			<key>isa</key>
			<string>PBXFileReference</string>
			<key>lastKnownFileType</key>
			<string>sourcecode.c.objc</string>
			<key>path</key>
			<string>AccessoryCollectionViewCell.m</string>
			<key>sourceTree</key>
			<string>&lt;group&gt;</string>
		</dict>
		<key>87EAEB981A2FC4AD002FEBB4</key>
		<dict>
			<key>fileRef</key>
			<string>87EAEB971A2FC4AD002FEBB4</string>
			<key>isa</key>
			<string>PBXBuildFile</string>
		</dict>
		<key>B3B78D10A93EDB324FCB080F</key>
		<dict>
			<key>includeInIndex</key>
			<string>1</string>
			<key>isa</key>
			<string>PBXFileReference</string>
			<key>lastKnownFileType</key>
			<string>text.xcconfig</string>
			<key>name</key>
			<string>Pods-CityBicycleCompany.debug.xcconfig</string>
			<key>path</key>
			<string>Pods/Target Support Files/Pods-CityBicycleCompany/Pods-CityBicycleCompany.debug.xcconfig</string>
			<key>sourceTree</key>
			<string>&lt;group&gt;</string>
		</dict>
		<key>C490F62FE83CF778C79EE3C7</key>
		<dict>
			<key>buildActionMask</key>
			<string>2147483647</string>
			<key>files</key>
			<array/>
			<key>inputPaths</key>
			<array/>
			<key>isa</key>
			<string>PBXShellScriptBuildPhase</string>
			<key>name</key>
			<string>Check Pods Manifest.lock</string>
			<key>outputPaths</key>
			<array/>
			<key>runOnlyForDeploymentPostprocessing</key>
			<string>0</string>
			<key>shellPath</key>
			<string>/bin/sh</string>
			<key>shellScript</key>
			<string>diff "${PODS_ROOT}/../Podfile.lock" "${PODS_ROOT}/Manifest.lock" &gt; /dev/null
if [[ $? != 0 ]] ; then
    cat &lt;&lt; EOM
error: The sandbox is not in sync with the Podfile.lock. Run 'pod install' or update your CocoaPods installation.
EOM
    exit 1
fi
</string>
			<key>showEnvVarsInLog</key>
			<string>0</string>
		</dict>
		<key>DC4819A1A3D38F9FD804BD2F</key>
		<dict>
			<key>explicitFileType</key>
			<string>archive.ar</string>
			<key>includeInIndex</key>
			<string>0</string>
			<key>isa</key>
			<string>PBXFileReference</string>
			<key>path</key>
			<string>libPods-CityBicycleCompany.a</string>
			<key>sourceTree</key>
			<string>BUILT_PRODUCTS_DIR</string>
		</dict>
		<key>DFA87A5C7FC8F2086505DFE8</key>
		<dict>
			<key>children</key>
			<array>
				<string>B3B78D10A93EDB324FCB080F</string>
				<string>7C3385CE7AD27122E6DDBED5</string>
			</array>
			<key>isa</key>
			<string>PBXGroup</string>
			<key>name</key>
			<string>Pods</string>
			<key>sourceTree</key>
			<string>&lt;group&gt;</string>
		</dict>
		<key>E7645FE84448E84572865864</key>
		<dict>
			<key>buildActionMask</key>
			<string>2147483647</string>
			<key>files</key>
			<array/>
			<key>inputPaths</key>
			<array/>
			<key>isa</key>
			<string>PBXShellScriptBuildPhase</string>
			<key>name</key>
			<string>Copy Pods Resources</string>
			<key>outputPaths</key>
			<array/>
			<key>runOnlyForDeploymentPostprocessing</key>
			<string>0</string>
			<key>shellPath</key>
			<string>/bin/sh</string>
			<key>shellScript</key>
			<string>"${SRCROOT}/Pods/Target Support Files/Pods-CityBicycleCompany/Pods-CityBicycleCompany-resources.sh"
</string>
			<key>showEnvVarsInLog</key>
			<string>0</string>
		</dict>
		<key>E982619AA94CD9B7D9F3B91D</key>
		<dict>
			<key>fileRef</key>
			<string>DC4819A1A3D38F9FD804BD2F</string>
			<key>isa</key>
			<string>PBXBuildFile</string>
		</dict>
		<key>FB0E0B291A293EB50053F9D1</key>
		<dict>
			<key>children</key>
			<array>
				<string>FB0E0B2A1A293EB50053F9D1</string>
				<string>FB0E0B2D1A293EB50053F9D1</string>
				<string>FB0E0B2E1A293EB50053F9D1</string>
				<string>FB0E0B2F1A293EB50053F9D1</string>
				<string>FB0E0B301A293EB50053F9D1</string>
				<string>FB0E0B311A293EB50053F9D1</string>
				<string>FB0E0B321A293EB50053F9D1</string>
				<string>FB0E0B331A293EB50053F9D1</string>
				<string>FB0E0B341A293EB50053F9D1</string>
				<string>FB0E0B351A293EB50053F9D1</string>
				<string>FB0E0B361A293EB50053F9D1</string>
				<string>FB0E0B371A293EB50053F9D1</string>
				<string>FB0E0B381A293EB50053F9D1</string>
				<string>FB0E0B391A293EB50053F9D1</string>
				<string>FB0E0B3A1A293EB50053F9D1</string>
				<string>FB0E0B3B1A293EB50053F9D1</string>
				<string>FB0E0B3C1A293EB50053F9D1</string>
			</array>
			<key>isa</key>
			<string>PBXGroup</string>
			<key>path</key>
			<string>Stripe</string>
			<key>sourceTree</key>
			<string>&lt;group&gt;</string>
		</dict>
		<key>FB0E0B2A1A293EB50053F9D1</key>
		<dict>
			<key>children</key>
			<array>
				<string>FB0E0B2B1A293EB50053F9D1</string>
				<string>FB0E0B2C1A293EB50053F9D1</string>
			</array>
			<key>isa</key>
			<string>PBXGroup</string>
			<key>path</key>
			<string>ApplePay</string>
			<key>sourceTree</key>
			<string>&lt;group&gt;</string>
		</dict>
		<key>FB0E0B2B1A293EB50053F9D1</key>
		<dict>
			<key>fileEncoding</key>
			<string>4</string>
			<key>isa</key>
			<string>PBXFileReference</string>
			<key>lastKnownFileType</key>
			<string>sourcecode.c.h</string>
			<key>path</key>
			<string>Stripe+ApplePay.h</string>
			<key>sourceTree</key>
			<string>&lt;group&gt;</string>
		</dict>
		<key>FB0E0B2C1A293EB50053F9D1</key>
		<dict>
			<key>fileEncoding</key>
			<string>4</string>
			<key>isa</key>
			<string>PBXFileReference</string>
			<key>lastKnownFileType</key>
			<string>sourcecode.c.objc</string>
			<key>path</key>
			<string>Stripe+ApplePay.m</string>
			<key>sourceTree</key>
			<string>&lt;group&gt;</string>
		</dict>
		<key>FB0E0B2D1A293EB50053F9D1</key>
		<dict>
			<key>fileEncoding</key>
			<string>4</string>
			<key>isa</key>
			<string>PBXFileReference</string>
			<key>lastKnownFileType</key>
			<string>sourcecode.c.h</string>
			<key>path</key>
			<string>STPAPIConnection.h</string>
			<key>sourceTree</key>
			<string>&lt;group&gt;</string>
		</dict>
		<key>FB0E0B2E1A293EB50053F9D1</key>
		<dict>
			<key>fileEncoding</key>
			<string>4</string>
			<key>isa</key>
			<string>PBXFileReference</string>
			<key>lastKnownFileType</key>
			<string>sourcecode.c.objc</string>
			<key>path</key>
			<string>STPAPIConnection.m</string>
			<key>sourceTree</key>
			<string>&lt;group&gt;</string>
		</dict>
		<key>FB0E0B2F1A293EB50053F9D1</key>
		<dict>
			<key>fileEncoding</key>
			<string>4</string>
			<key>isa</key>
			<string>PBXFileReference</string>
			<key>lastKnownFileType</key>
			<string>sourcecode.c.h</string>
			<key>path</key>
			<string>STPBankAccount.h</string>
			<key>sourceTree</key>
			<string>&lt;group&gt;</string>
		</dict>
		<key>FB0E0B301A293EB50053F9D1</key>
		<dict>
			<key>fileEncoding</key>
			<string>4</string>
			<key>isa</key>
			<string>PBXFileReference</string>
			<key>lastKnownFileType</key>
			<string>sourcecode.c.objc</string>
			<key>path</key>
			<string>STPBankAccount.m</string>
			<key>sourceTree</key>
			<string>&lt;group&gt;</string>
		</dict>
		<key>FB0E0B311A293EB50053F9D1</key>
		<dict>
			<key>fileEncoding</key>
			<string>4</string>
			<key>isa</key>
			<string>PBXFileReference</string>
			<key>lastKnownFileType</key>
			<string>sourcecode.c.h</string>
			<key>path</key>
			<string>STPCard.h</string>
			<key>sourceTree</key>
			<string>&lt;group&gt;</string>
		</dict>
		<key>FB0E0B321A293EB50053F9D1</key>
		<dict>
			<key>fileEncoding</key>
			<string>4</string>
			<key>isa</key>
			<string>PBXFileReference</string>
			<key>lastKnownFileType</key>
			<string>sourcecode.c.objc</string>
			<key>path</key>
			<string>STPCard.m</string>
			<key>sourceTree</key>
			<string>&lt;group&gt;</string>
		</dict>
		<key>FB0E0B331A293EB50053F9D1</key>
		<dict>
			<key>fileEncoding</key>
			<string>4</string>
			<key>isa</key>
			<string>PBXFileReference</string>
			<key>lastKnownFileType</key>
			<string>sourcecode.c.h</string>
			<key>path</key>
			<string>STPFormEncodeProtocol.h</string>
			<key>sourceTree</key>
			<string>&lt;group&gt;</string>
		</dict>
		<key>FB0E0B341A293EB50053F9D1</key>
		<dict>
			<key>fileEncoding</key>
			<string>4</string>
			<key>isa</key>
			<string>PBXFileReference</string>
			<key>lastKnownFileType</key>
			<string>sourcecode.c.h</string>
			<key>path</key>
			<string>STPToken.h</string>
			<key>sourceTree</key>
			<string>&lt;group&gt;</string>
		</dict>
		<key>FB0E0B351A293EB50053F9D1</key>
		<dict>
			<key>fileEncoding</key>
			<string>4</string>
			<key>isa</key>
			<string>PBXFileReference</string>
			<key>lastKnownFileType</key>
			<string>sourcecode.c.objc</string>
			<key>path</key>
			<string>STPToken.m</string>
			<key>sourceTree</key>
			<string>&lt;group&gt;</string>
		</dict>
		<key>FB0E0B361A293EB50053F9D1</key>
		<dict>
			<key>fileEncoding</key>
			<string>4</string>
			<key>isa</key>
			<string>PBXFileReference</string>
			<key>lastKnownFileType</key>
			<string>sourcecode.c.h</string>
			<key>path</key>
			<string>STPUtils.h</string>
			<key>sourceTree</key>
			<string>&lt;group&gt;</string>
		</dict>
		<key>FB0E0B371A293EB50053F9D1</key>
		<dict>
			<key>fileEncoding</key>
			<string>4</string>
			<key>isa</key>
			<string>PBXFileReference</string>
			<key>lastKnownFileType</key>
			<string>sourcecode.c.objc</string>
			<key>path</key>
			<string>STPUtils.m</string>
			<key>sourceTree</key>
			<string>&lt;group&gt;</string>
		</dict>
		<key>FB0E0B381A293EB50053F9D1</key>
		<dict>
			<key>fileEncoding</key>
			<string>4</string>
			<key>isa</key>
			<string>PBXFileReference</string>
			<key>lastKnownFileType</key>
			<string>sourcecode.c.h</string>
			<key>path</key>
			<string>Stripe.h</string>
			<key>sourceTree</key>
			<string>&lt;group&gt;</string>
		</dict>
		<key>FB0E0B391A293EB50053F9D1</key>
		<dict>
			<key>fileEncoding</key>
			<string>4</string>
			<key>isa</key>
			<string>PBXFileReference</string>
			<key>lastKnownFileType</key>
			<string>sourcecode.c.objc</string>
			<key>path</key>
			<string>Stripe.m</string>
			<key>sourceTree</key>
			<string>&lt;group&gt;</string>
		</dict>
		<key>FB0E0B3A1A293EB50053F9D1</key>
		<dict>
			<key>fileEncoding</key>
			<string>4</string>
			<key>isa</key>
			<string>PBXFileReference</string>
			<key>lastKnownFileType</key>
			<string>sourcecode.c.h</string>
			<key>path</key>
			<string>StripeError.h</string>
			<key>sourceTree</key>
			<string>&lt;group&gt;</string>
		</dict>
		<key>FB0E0B3B1A293EB50053F9D1</key>
		<dict>
			<key>fileEncoding</key>
			<string>4</string>
			<key>isa</key>
			<string>PBXFileReference</string>
			<key>lastKnownFileType</key>
			<string>sourcecode.c.objc</string>
			<key>path</key>
			<string>StripeError.m</string>
			<key>sourceTree</key>
			<string>&lt;group&gt;</string>
		</dict>
		<key>FB0E0B3C1A293EB50053F9D1</key>
		<dict>
			<key>children</key>
			<array>
				<string>FB0E0B3D1A293EB50053F9D1</string>
			</array>
			<key>isa</key>
			<string>PBXGroup</string>
			<key>path</key>
			<string>Supporting Files</string>
			<key>sourceTree</key>
			<string>&lt;group&gt;</string>
		</dict>
		<key>FB0E0B3D1A293EB50053F9D1</key>
		<dict>
			<key>fileEncoding</key>
			<string>4</string>
			<key>isa</key>
			<string>PBXFileReference</string>
			<key>lastKnownFileType</key>
			<string>sourcecode.c.h</string>
			<key>path</key>
			<string>Stripe-Prefix.pch</string>
			<key>sourceTree</key>
			<string>&lt;group&gt;</string>
		</dict>
		<key>FB0E0B3E1A293EB50053F9D1</key>
		<dict>
			<key>fileRef</key>
			<string>FB0E0B2C1A293EB50053F9D1</string>
			<key>isa</key>
			<string>PBXBuildFile</string>
		</dict>
		<key>FB0E0B3F1A293EB50053F9D1</key>
		<dict>
			<key>fileRef</key>
			<string>FB0E0B2C1A293EB50053F9D1</string>
			<key>isa</key>
			<string>PBXBuildFile</string>
		</dict>
		<key>FB0E0B401A293EB50053F9D1</key>
		<dict>
			<key>fileRef</key>
			<string>FB0E0B2E1A293EB50053F9D1</string>
			<key>isa</key>
			<string>PBXBuildFile</string>
		</dict>
		<key>FB0E0B411A293EB50053F9D1</key>
		<dict>
			<key>fileRef</key>
			<string>FB0E0B2E1A293EB50053F9D1</string>
			<key>isa</key>
			<string>PBXBuildFile</string>
		</dict>
		<key>FB0E0B421A293EB50053F9D1</key>
		<dict>
			<key>fileRef</key>
			<string>FB0E0B301A293EB50053F9D1</string>
			<key>isa</key>
			<string>PBXBuildFile</string>
		</dict>
		<key>FB0E0B431A293EB50053F9D1</key>
		<dict>
			<key>fileRef</key>
			<string>FB0E0B301A293EB50053F9D1</string>
			<key>isa</key>
			<string>PBXBuildFile</string>
		</dict>
		<key>FB0E0B441A293EB50053F9D1</key>
		<dict>
			<key>fileRef</key>
			<string>FB0E0B321A293EB50053F9D1</string>
			<key>isa</key>
			<string>PBXBuildFile</string>
		</dict>
		<key>FB0E0B451A293EB50053F9D1</key>
		<dict>
			<key>fileRef</key>
			<string>FB0E0B321A293EB50053F9D1</string>
			<key>isa</key>
			<string>PBXBuildFile</string>
		</dict>
		<key>FB0E0B461A293EB50053F9D1</key>
		<dict>
			<key>fileRef</key>
			<string>FB0E0B351A293EB50053F9D1</string>
			<key>isa</key>
			<string>PBXBuildFile</string>
		</dict>
		<key>FB0E0B471A293EB50053F9D1</key>
		<dict>
			<key>fileRef</key>
			<string>FB0E0B351A293EB50053F9D1</string>
			<key>isa</key>
			<string>PBXBuildFile</string>
		</dict>
		<key>FB0E0B481A293EB50053F9D1</key>
		<dict>
			<key>fileRef</key>
			<string>FB0E0B371A293EB50053F9D1</string>
			<key>isa</key>
			<string>PBXBuildFile</string>
		</dict>
		<key>FB0E0B491A293EB50053F9D1</key>
		<dict>
			<key>fileRef</key>
			<string>FB0E0B371A293EB50053F9D1</string>
			<key>isa</key>
			<string>PBXBuildFile</string>
		</dict>
		<key>FB0E0B4A1A293EB50053F9D1</key>
		<dict>
			<key>fileRef</key>
			<string>FB0E0B391A293EB50053F9D1</string>
			<key>isa</key>
			<string>PBXBuildFile</string>
		</dict>
		<key>FB0E0B4B1A293EB50053F9D1</key>
		<dict>
			<key>fileRef</key>
			<string>FB0E0B391A293EB50053F9D1</string>
			<key>isa</key>
			<string>PBXBuildFile</string>
		</dict>
		<key>FB0E0B4C1A293EB50053F9D1</key>
		<dict>
			<key>fileRef</key>
			<string>FB0E0B3B1A293EB50053F9D1</string>
			<key>isa</key>
			<string>PBXBuildFile</string>
		</dict>
		<key>FB0E0B4D1A293EB50053F9D1</key>
		<dict>
			<key>fileRef</key>
			<string>FB0E0B3B1A293EB50053F9D1</string>
			<key>isa</key>
			<string>PBXBuildFile</string>
		</dict>
		<key>FB0E0B4E1A2943EB0053F9D1</key>
		<dict>
			<key>children</key>
			<array>
				<string>FB0E0B4F1A2943EB0053F9D1</string>
				<string>FB0E0B501A2943EB0053F9D1</string>
				<string>FB0E0B511A2943EB0053F9D1</string>
				<string>FB0E0B521A2943EB0053F9D1</string>
				<string>FB0E0B531A2943EB0053F9D1</string>
				<string>FB0E0B541A2943EB0053F9D1</string>
				<string>FB0E0B551A2943EB0053F9D1</string>
				<string>FB0E0B561A2943EB0053F9D1</string>
				<string>FB0E0B571A2943EB0053F9D1</string>
				<string>FB0E0B581A2943EB0053F9D1</string>
				<string>FB0E0B591A2943EB0053F9D1</string>
				<string>FB0E0B5A1A2943EB0053F9D1</string>
				<string>FB0E0B5B1A2943EB0053F9D1</string>
				<string>FB0E0B5C1A2943EB0053F9D1</string>
				<string>FB0E0B5D1A2943EB0053F9D1</string>
				<string>FB0E0B5E1A2943EB0053F9D1</string>
			</array>
			<key>isa</key>
			<string>PBXGroup</string>
			<key>name</key>
			<string>ApplePayStubs Classes</string>
			<key>path</key>
			<string>Classes</string>
			<key>sourceTree</key>
			<string>&lt;group&gt;</string>
		</dict>
		<key>FB0E0B4F1A2943EB0053F9D1</key>
		<dict>
			<key>fileEncoding</key>
			<string>4</string>
			<key>isa</key>
			<string>PBXFileReference</string>
			<key>lastKnownFileType</key>
			<string>sourcecode.c.h</string>
			<key>path</key>
			<string>PKPayment+STPTestKeys.h</string>
			<key>sourceTree</key>
			<string>&lt;group&gt;</string>
		</dict>
		<key>FB0E0B501A2943EB0053F9D1</key>
		<dict>
			<key>fileEncoding</key>
			<string>4</string>
			<key>isa</key>
			<string>PBXFileReference</string>
			<key>lastKnownFileType</key>
			<string>sourcecode.c.objc</string>
			<key>path</key>
			<string>PKPayment+STPTestKeys.m</string>
			<key>sourceTree</key>
			<string>&lt;group&gt;</string>
		</dict>
		<key>FB0E0B511A2943EB0053F9D1</key>
		<dict>
			<key>fileEncoding</key>
			<string>4</string>
			<key>isa</key>
			<string>PBXFileReference</string>
			<key>lastKnownFileType</key>
			<string>sourcecode.c.h</string>
			<key>path</key>
			<string>STPTestAddressStore.h</string>
			<key>sourceTree</key>
			<string>&lt;group&gt;</string>
		</dict>
		<key>FB0E0B521A2943EB0053F9D1</key>
		<dict>
			<key>fileEncoding</key>
			<string>4</string>
			<key>isa</key>
			<string>PBXFileReference</string>
			<key>lastKnownFileType</key>
			<string>sourcecode.c.objc</string>
			<key>path</key>
			<string>STPTestAddressStore.m</string>
			<key>sourceTree</key>
			<string>&lt;group&gt;</string>
		</dict>
		<key>FB0E0B531A2943EB0053F9D1</key>
		<dict>
			<key>fileEncoding</key>
			<string>4</string>
			<key>isa</key>
			<string>PBXFileReference</string>
			<key>lastKnownFileType</key>
			<string>sourcecode.c.h</string>
			<key>path</key>
			<string>STPTestCardStore.h</string>
			<key>sourceTree</key>
			<string>&lt;group&gt;</string>
		</dict>
		<key>FB0E0B541A2943EB0053F9D1</key>
		<dict>
			<key>fileEncoding</key>
			<string>4</string>
			<key>isa</key>
			<string>PBXFileReference</string>
			<key>lastKnownFileType</key>
			<string>sourcecode.c.objc</string>
			<key>path</key>
			<string>STPTestCardStore.m</string>
			<key>sourceTree</key>
			<string>&lt;group&gt;</string>
		</dict>
		<key>FB0E0B551A2943EB0053F9D1</key>
		<dict>
			<key>fileEncoding</key>
			<string>4</string>
			<key>isa</key>
			<string>PBXFileReference</string>
			<key>lastKnownFileType</key>
			<string>sourcecode.c.h</string>
			<key>path</key>
			<string>STPTestDataStore.h</string>
			<key>sourceTree</key>
			<string>&lt;group&gt;</string>
		</dict>
		<key>FB0E0B561A2943EB0053F9D1</key>
		<dict>
			<key>fileEncoding</key>
			<string>4</string>
			<key>isa</key>
			<string>PBXFileReference</string>
			<key>lastKnownFileType</key>
			<string>sourcecode.c.h</string>
			<key>path</key>
			<string>STPTestDataTableViewController.h</string>
			<key>sourceTree</key>
			<string>&lt;group&gt;</string>
		</dict>
		<key>FB0E0B571A2943EB0053F9D1</key>
		<dict>
			<key>fileEncoding</key>
			<string>4</string>
			<key>isa</key>
			<string>PBXFileReference</string>
			<key>lastKnownFileType</key>
			<string>sourcecode.c.objc</string>
			<key>path</key>
			<string>STPTestDataTableViewController.m</string>
			<key>sourceTree</key>
			<string>&lt;group&gt;</string>
		</dict>
		<key>FB0E0B581A2943EB0053F9D1</key>
		<dict>
			<key>fileEncoding</key>
			<string>4</string>
			<key>isa</key>
			<string>PBXFileReference</string>
			<key>lastKnownFileType</key>
			<string>sourcecode.c.h</string>
			<key>path</key>
			<string>STPTestPaymentAuthorizationViewController.h</string>
			<key>sourceTree</key>
			<string>&lt;group&gt;</string>
		</dict>
		<key>FB0E0B591A2943EB0053F9D1</key>
		<dict>
			<key>fileEncoding</key>
			<string>4</string>
			<key>isa</key>
			<string>PBXFileReference</string>
			<key>lastKnownFileType</key>
			<string>sourcecode.c.objc</string>
			<key>path</key>
			<string>STPTestPaymentAuthorizationViewController.m</string>
			<key>sourceTree</key>
			<string>&lt;group&gt;</string>
		</dict>
		<key>FB0E0B5A1A2943EB0053F9D1</key>
		<dict>
			<key>fileEncoding</key>
			<string>4</string>
			<key>isa</key>
			<string>PBXFileReference</string>
			<key>lastKnownFileType</key>
			<string>sourcecode.c.h</string>
			<key>path</key>
			<string>STPTestPaymentSummaryViewController.h</string>
			<key>sourceTree</key>
			<string>&lt;group&gt;</string>
		</dict>
		<key>FB0E0B5B1A2943EB0053F9D1</key>
		<dict>
			<key>fileEncoding</key>
			<string>4</string>
			<key>isa</key>
			<string>PBXFileReference</string>
			<key>lastKnownFileType</key>
			<string>sourcecode.c.objc</string>
			<key>path</key>
			<string>STPTestPaymentSummaryViewController.m</string>
			<key>sourceTree</key>
			<string>&lt;group&gt;</string>
		</dict>
		<key>FB0E0B5C1A2943EB0053F9D1</key>
		<dict>
			<key>fileEncoding</key>
			<string>4</string>
			<key>isa</key>
			<string>PBXFileReference</string>
			<key>lastKnownFileType</key>
			<string>file.xib</string>
			<key>path</key>
			<string>STPTestPaymentSummaryViewController.xib</string>
			<key>sourceTree</key>
			<string>&lt;group&gt;</string>
		</dict>
		<key>FB0E0B5D1A2943EB0053F9D1</key>
		<dict>
			<key>fileEncoding</key>
			<string>4</string>
			<key>isa</key>
			<string>PBXFileReference</string>
			<key>lastKnownFileType</key>
			<string>sourcecode.c.h</string>
			<key>path</key>
			<string>STPTestShippingMethodStore.h</string>
			<key>sourceTree</key>
			<string>&lt;group&gt;</string>
		</dict>
		<key>FB0E0B5E1A2943EB0053F9D1</key>
		<dict>
			<key>fileEncoding</key>
			<string>4</string>
			<key>isa</key>
			<string>PBXFileReference</string>
			<key>lastKnownFileType</key>
			<string>sourcecode.c.objc</string>
			<key>path</key>
			<string>STPTestShippingMethodStore.m</string>
			<key>sourceTree</key>
			<string>&lt;group&gt;</string>
		</dict>
		<key>FB0E0B5F1A2943EB0053F9D1</key>
		<dict>
			<key>fileRef</key>
			<string>FB0E0B501A2943EB0053F9D1</string>
			<key>isa</key>
			<string>PBXBuildFile</string>
		</dict>
		<key>FB0E0B601A2943EB0053F9D1</key>
		<dict>
			<key>fileRef</key>
			<string>FB0E0B501A2943EB0053F9D1</string>
			<key>isa</key>
			<string>PBXBuildFile</string>
		</dict>
		<key>FB0E0B611A2943EB0053F9D1</key>
		<dict>
			<key>fileRef</key>
			<string>FB0E0B521A2943EB0053F9D1</string>
			<key>isa</key>
			<string>PBXBuildFile</string>
		</dict>
		<key>FB0E0B621A2943EB0053F9D1</key>
		<dict>
			<key>fileRef</key>
			<string>FB0E0B521A2943EB0053F9D1</string>
			<key>isa</key>
			<string>PBXBuildFile</string>
		</dict>
		<key>FB0E0B631A2943EB0053F9D1</key>
		<dict>
			<key>fileRef</key>
			<string>FB0E0B541A2943EB0053F9D1</string>
			<key>isa</key>
			<string>PBXBuildFile</string>
		</dict>
		<key>FB0E0B641A2943EB0053F9D1</key>
		<dict>
			<key>fileRef</key>
			<string>FB0E0B541A2943EB0053F9D1</string>
			<key>isa</key>
			<string>PBXBuildFile</string>
		</dict>
		<key>FB0E0B651A2943EB0053F9D1</key>
		<dict>
			<key>fileRef</key>
			<string>FB0E0B571A2943EB0053F9D1</string>
			<key>isa</key>
			<string>PBXBuildFile</string>
		</dict>
		<key>FB0E0B661A2943EB0053F9D1</key>
		<dict>
			<key>fileRef</key>
			<string>FB0E0B571A2943EB0053F9D1</string>
			<key>isa</key>
			<string>PBXBuildFile</string>
		</dict>
		<key>FB0E0B671A2943EB0053F9D1</key>
		<dict>
			<key>fileRef</key>
			<string>FB0E0B591A2943EB0053F9D1</string>
			<key>isa</key>
			<string>PBXBuildFile</string>
		</dict>
		<key>FB0E0B681A2943EB0053F9D1</key>
		<dict>
			<key>fileRef</key>
			<string>FB0E0B591A2943EB0053F9D1</string>
			<key>isa</key>
			<string>PBXBuildFile</string>
		</dict>
		<key>FB0E0B691A2943EB0053F9D1</key>
		<dict>
			<key>fileRef</key>
			<string>FB0E0B5B1A2943EB0053F9D1</string>
			<key>isa</key>
			<string>PBXBuildFile</string>
		</dict>
		<key>FB0E0B6A1A2943EB0053F9D1</key>
		<dict>
			<key>fileRef</key>
			<string>FB0E0B5B1A2943EB0053F9D1</string>
			<key>isa</key>
			<string>PBXBuildFile</string>
		</dict>
		<key>FB0E0B6B1A2943EB0053F9D1</key>
		<dict>
			<key>fileRef</key>
			<string>FB0E0B5C1A2943EB0053F9D1</string>
			<key>isa</key>
			<string>PBXBuildFile</string>
		</dict>
		<key>FB0E0B6C1A2943EB0053F9D1</key>
		<dict>
			<key>fileRef</key>
			<string>FB0E0B5C1A2943EB0053F9D1</string>
			<key>isa</key>
			<string>PBXBuildFile</string>
		</dict>
		<key>FB0E0B6D1A2943EB0053F9D1</key>
		<dict>
			<key>fileRef</key>
			<string>FB0E0B5E1A2943EB0053F9D1</string>
			<key>isa</key>
			<string>PBXBuildFile</string>
		</dict>
		<key>FB0E0B6E1A2943EB0053F9D1</key>
		<dict>
			<key>fileRef</key>
			<string>FB0E0B5E1A2943EB0053F9D1</string>
			<key>isa</key>
			<string>PBXBuildFile</string>
		</dict>
		<key>FB3338C21A311CA300FCE9C8</key>
		<dict>
			<key>fileEncoding</key>
			<string>4</string>
			<key>isa</key>
			<string>PBXFileReference</string>
			<key>lastKnownFileType</key>
			<string>sourcecode.c.h</string>
			<key>name</key>
			<string>ShoppingCartTableViewCell.h</string>
			<key>path</key>
			<string>../ShoppingCartTableViewCell.h</string>
			<key>sourceTree</key>
			<string>&lt;group&gt;</string>
		</dict>
		<key>FB3338C31A311CA300FCE9C8</key>
		<dict>
			<key>fileEncoding</key>
			<string>4</string>
			<key>isa</key>
			<string>PBXFileReference</string>
			<key>lastKnownFileType</key>
			<string>sourcecode.c.objc</string>
			<key>name</key>
			<string>ShoppingCartTableViewCell.m</string>
			<key>path</key>
			<string>../ShoppingCartTableViewCell.m</string>
			<key>sourceTree</key>
			<string>&lt;group&gt;</string>
		</dict>
		<key>FB3338C41A311CA300FCE9C8</key>
		<dict>
			<key>fileRef</key>
			<string>FB3338C31A311CA300FCE9C8</string>
			<key>isa</key>
			<string>PBXBuildFile</string>
		</dict>
		<key>FB7F27A71A2A9FDB00328CE8</key>
		<dict>
			<key>fileEncoding</key>
			<string>4</string>
			<key>isa</key>
			<string>PBXFileReference</string>
			<key>lastKnownFileType</key>
			<string>sourcecode.c.h</string>
			<key>path</key>
			<string>Constants.h</string>
			<key>sourceTree</key>
			<string>&lt;group&gt;</string>
		</dict>
		<key>FB7F27A81A2A9FDB00328CE8</key>
		<dict>
			<key>fileEncoding</key>
			<string>4</string>
			<key>isa</key>
			<string>PBXFileReference</string>
			<key>lastKnownFileType</key>
			<string>sourcecode.c.objc</string>
			<key>path</key>
			<string>Constants.m</string>
			<key>sourceTree</key>
			<string>&lt;group&gt;</string>
		</dict>
		<key>FB7F27A91A2A9FDB00328CE8</key>
		<dict>
			<key>fileRef</key>
			<string>FB7F27A81A2A9FDB00328CE8</string>
			<key>isa</key>
			<string>PBXBuildFile</string>
		</dict>
		<key>FBCF66AE1A2D1D5F006487DD</key>
		<dict>
			<key>isa</key>
			<string>PBXBuildFile</string>
		</dict>
	</dict>
	<key>rootObject</key>
	<string>39DE840B1A2680D300BB47FB</string>
</dict>
</plist>
