// !$*UTF8*$!
{
	archiveVersion = 1;
	classes = {
	};
	objectVersion = 46;
	objects = {

/* Begin PBXBuildFile section */
		3928AF341A2684A800BE9DBC /* BicycleViewController.m in Sources */ = {isa = PBXBuildFile; fileRef = 3928AF331A2684A800BE9DBC /* BicycleViewController.m */; };
		3928AF371A26852200BE9DBC /* ShoppingCartViewController.m in Sources */ = {isa = PBXBuildFile; fileRef = 3928AF361A26852200BE9DBC /* ShoppingCartViewController.m */; };
		3928AF391A2685C100BE9DBC /* Accounts.framework in Frameworks */ = {isa = PBXBuildFile; fileRef = 3928AF381A2685C100BE9DBC /* Accounts.framework */; };
		3928AF3B1A2685C700BE9DBC /* AdSupport.framework in Frameworks */ = {isa = PBXBuildFile; fileRef = 3928AF3A1A2685C700BE9DBC /* AdSupport.framework */; };
		3928AF3D1A2685CD00BE9DBC /* Social.framework in Frameworks */ = {isa = PBXBuildFile; fileRef = 3928AF3C1A2685CD00BE9DBC /* Social.framework */; };
		3928AF3F1A2685D800BE9DBC /* SystemConfiguration.framework in Frameworks */ = {isa = PBXBuildFile; fileRef = 3928AF3E1A2685D800BE9DBC /* SystemConfiguration.framework */; };
		3928AF431A2685F500BE9DBC /* Security.framework in Frameworks */ = {isa = PBXBuildFile; fileRef = 3928AF421A2685F500BE9DBC /* Security.framework */; };
		3928AF451A2685FD00BE9DBC /* QuartzCore.framework in Frameworks */ = {isa = PBXBuildFile; fileRef = 3928AF441A2685FD00BE9DBC /* QuartzCore.framework */; };
		3928AF471A26860500BE9DBC /* MobileCoreServices.framework in Frameworks */ = {isa = PBXBuildFile; fileRef = 3928AF461A26860500BE9DBC /* MobileCoreServices.framework */; };
		3928AF491A26861500BE9DBC /* libz.dylib in Frameworks */ = {isa = PBXBuildFile; fileRef = 3928AF481A26861500BE9DBC /* libz.dylib */; };
		3928AF4B1A26861A00BE9DBC /* CoreLocation.framework in Frameworks */ = {isa = PBXBuildFile; fileRef = 3928AF4A1A26861A00BE9DBC /* CoreLocation.framework */; };
		3928AF4D1A26862100BE9DBC /* CoreGraphics.framework in Frameworks */ = {isa = PBXBuildFile; fileRef = 3928AF4C1A26862100BE9DBC /* CoreGraphics.framework */; };
		3928AF4F1A26862A00BE9DBC /* CFNetwork.framework in Frameworks */ = {isa = PBXBuildFile; fileRef = 3928AF4E1A26862A00BE9DBC /* CFNetwork.framework */; };
		3928AF511A26863200BE9DBC /* AudioToolbox.framework in Frameworks */ = {isa = PBXBuildFile; fileRef = 3928AF501A26863200BE9DBC /* AudioToolbox.framework */; };
		3928AF531A26863800BE9DBC /* MessageUI.framework in Frameworks */ = {isa = PBXBuildFile; fileRef = 3928AF521A26863800BE9DBC /* MessageUI.framework */; };
		3928AF601A26867400BE9DBC /* Foundation.framework in Frameworks */ = {isa = PBXBuildFile; fileRef = 3928AF5F1A26867400BE9DBC /* Foundation.framework */; };
		396881081A26AD68001D1AE7 /* PassKit.framework in Frameworks */ = {isa = PBXBuildFile; fileRef = 396881071A26AD68001D1AE7 /* PassKit.framework */; settings = {ATTRIBUTES = (Weak, ); }; };
		39C528C31A2684700018C017 /* ProfileViewController.m in Sources */ = {isa = PBXBuildFile; fileRef = 39C528C21A2684700018C017 /* ProfileViewController.m */; };
		39DE84191A2680D300BB47FB /* main.m in Sources */ = {isa = PBXBuildFile; fileRef = 39DE84181A2680D300BB47FB /* main.m */; };
		39DE841C1A2680D300BB47FB /* AppDelegate.m in Sources */ = {isa = PBXBuildFile; fileRef = 39DE841B1A2680D300BB47FB /* AppDelegate.m */; };
		39DE84221A2680D300BB47FB /* Main.storyboard in Resources */ = {isa = PBXBuildFile; fileRef = 39DE84201A2680D300BB47FB /* Main.storyboard */; };
		39DE84241A2680D300BB47FB /* Images.xcassets in Resources */ = {isa = PBXBuildFile; fileRef = 39DE84231A2680D300BB47FB /* Images.xcassets */; };
		39DE84271A2680D300BB47FB /* LaunchScreen.xib in Resources */ = {isa = PBXBuildFile; fileRef = 39DE84251A2680D300BB47FB /* LaunchScreen.xib */; };
		39DE84331A2680D300BB47FB /* CityBicycleCompanyTests.m in Sources */ = {isa = PBXBuildFile; fileRef = 39DE84321A2680D300BB47FB /* CityBicycleCompanyTests.m */; };
		39DE843E1A26835500BB47FB /* ProductViewController.m in Sources */ = {isa = PBXBuildFile; fileRef = 39DE843D1A26835500BB47FB /* ProductViewController.m */; };
		39DE84411A2683AF00BB47FB /* AccessoriesViewController.m in Sources */ = {isa = PBXBuildFile; fileRef = 39DE84401A2683AF00BB47FB /* AccessoriesViewController.m */; };
		FB0E0B251A293CC60053F9D1 /* Bolts.framework in Frameworks */ = {isa = PBXBuildFile; fileRef = FB0E0B1F1A293C240053F9D1 /* Bolts.framework */; };
		FB0E0B271A293CD60053F9D1 /* Parse.framework in Frameworks */ = {isa = PBXBuildFile; fileRef = FB0E0B261A293CD60053F9D1 /* Parse.framework */; };
		FB0E0B281A293CE80053F9D1 /* ParseUI.framework in Frameworks */ = {isa = PBXBuildFile; fileRef = FB0E0B231A293C720053F9D1 /* ParseUI.framework */; };
		FB0E0B3E1A293EB50053F9D1 /* Stripe+ApplePay.m in Sources */ = {isa = PBXBuildFile; fileRef = FB0E0B2C1A293EB50053F9D1 /* Stripe+ApplePay.m */; };
		FB0E0B3F1A293EB50053F9D1 /* Stripe+ApplePay.m in Sources */ = {isa = PBXBuildFile; fileRef = FB0E0B2C1A293EB50053F9D1 /* Stripe+ApplePay.m */; };
		FB0E0B401A293EB50053F9D1 /* STPAPIConnection.m in Sources */ = {isa = PBXBuildFile; fileRef = FB0E0B2E1A293EB50053F9D1 /* STPAPIConnection.m */; };
		FB0E0B411A293EB50053F9D1 /* STPAPIConnection.m in Sources */ = {isa = PBXBuildFile; fileRef = FB0E0B2E1A293EB50053F9D1 /* STPAPIConnection.m */; };
		FB0E0B421A293EB50053F9D1 /* STPBankAccount.m in Sources */ = {isa = PBXBuildFile; fileRef = FB0E0B301A293EB50053F9D1 /* STPBankAccount.m */; };
		FB0E0B431A293EB50053F9D1 /* STPBankAccount.m in Sources */ = {isa = PBXBuildFile; fileRef = FB0E0B301A293EB50053F9D1 /* STPBankAccount.m */; };
		FB0E0B441A293EB50053F9D1 /* STPCard.m in Sources */ = {isa = PBXBuildFile; fileRef = FB0E0B321A293EB50053F9D1 /* STPCard.m */; };
		FB0E0B451A293EB50053F9D1 /* STPCard.m in Sources */ = {isa = PBXBuildFile; fileRef = FB0E0B321A293EB50053F9D1 /* STPCard.m */; };
		FB0E0B461A293EB50053F9D1 /* STPToken.m in Sources */ = {isa = PBXBuildFile; fileRef = FB0E0B351A293EB50053F9D1 /* STPToken.m */; };
		FB0E0B471A293EB50053F9D1 /* STPToken.m in Sources */ = {isa = PBXBuildFile; fileRef = FB0E0B351A293EB50053F9D1 /* STPToken.m */; };
		FB0E0B481A293EB50053F9D1 /* STPUtils.m in Sources */ = {isa = PBXBuildFile; fileRef = FB0E0B371A293EB50053F9D1 /* STPUtils.m */; };
		FB0E0B491A293EB50053F9D1 /* STPUtils.m in Sources */ = {isa = PBXBuildFile; fileRef = FB0E0B371A293EB50053F9D1 /* STPUtils.m */; };
		FB0E0B4A1A293EB50053F9D1 /* Stripe.m in Sources */ = {isa = PBXBuildFile; fileRef = FB0E0B391A293EB50053F9D1 /* Stripe.m */; };
		FB0E0B4B1A293EB50053F9D1 /* Stripe.m in Sources */ = {isa = PBXBuildFile; fileRef = FB0E0B391A293EB50053F9D1 /* Stripe.m */; };
		FB0E0B4C1A293EB50053F9D1 /* StripeError.m in Sources */ = {isa = PBXBuildFile; fileRef = FB0E0B3B1A293EB50053F9D1 /* StripeError.m */; };
		FB0E0B4D1A293EB50053F9D1 /* StripeError.m in Sources */ = {isa = PBXBuildFile; fileRef = FB0E0B3B1A293EB50053F9D1 /* StripeError.m */; };
/* End PBXBuildFile section */

/* Begin PBXContainerItemProxy section */
		39DE842D1A2680D300BB47FB /* PBXContainerItemProxy */ = {
			isa = PBXContainerItemProxy;
			containerPortal = 39DE840B1A2680D300BB47FB /* Project object */;
			proxyType = 1;
			remoteGlobalIDString = 39DE84121A2680D300BB47FB;
			remoteInfo = CityBicycleCompany;
		};
		FBDEE0FD1A26B5E4006A974E /* PBXContainerItemProxy */ = {
			isa = PBXContainerItemProxy;
			containerPortal = FBDEE0F81A26B5E4006A974E /* ParseStarterProject.xcodeproj */;
			proxyType = 2;
			remoteGlobalIDString = 09ABC06D13A1D52D009C3FCF;
			remoteInfo = ParseStarterProject;
		};
/* End PBXContainerItemProxy section */

/* Begin PBXFileReference section */
		3928AF321A2684A800BE9DBC /* BicycleViewController.h */ = {isa = PBXFileReference; fileEncoding = 4; lastKnownFileType = sourcecode.c.h; path = BicycleViewController.h; sourceTree = "<group>"; };
		3928AF331A2684A800BE9DBC /* BicycleViewController.m */ = {isa = PBXFileReference; fileEncoding = 4; lastKnownFileType = sourcecode.c.objc; path = BicycleViewController.m; sourceTree = "<group>"; };
		3928AF351A26852200BE9DBC /* ShoppingCartViewController.h */ = {isa = PBXFileReference; fileEncoding = 4; lastKnownFileType = sourcecode.c.h; path = ShoppingCartViewController.h; sourceTree = "<group>"; };
		3928AF361A26852200BE9DBC /* ShoppingCartViewController.m */ = {isa = PBXFileReference; fileEncoding = 4; lastKnownFileType = sourcecode.c.objc; path = ShoppingCartViewController.m; sourceTree = "<group>"; };
		3928AF381A2685C100BE9DBC /* Accounts.framework */ = {isa = PBXFileReference; lastKnownFileType = wrapper.framework; name = Accounts.framework; path = System/Library/Frameworks/Accounts.framework; sourceTree = SDKROOT; };
		3928AF3A1A2685C700BE9DBC /* AdSupport.framework */ = {isa = PBXFileReference; lastKnownFileType = wrapper.framework; name = AdSupport.framework; path = System/Library/Frameworks/AdSupport.framework; sourceTree = SDKROOT; };
		3928AF3C1A2685CD00BE9DBC /* Social.framework */ = {isa = PBXFileReference; lastKnownFileType = wrapper.framework; name = Social.framework; path = System/Library/Frameworks/Social.framework; sourceTree = SDKROOT; };
		3928AF3E1A2685D800BE9DBC /* SystemConfiguration.framework */ = {isa = PBXFileReference; lastKnownFileType = wrapper.framework; name = SystemConfiguration.framework; path = System/Library/Frameworks/SystemConfiguration.framework; sourceTree = SDKROOT; };
		3928AF421A2685F500BE9DBC /* Security.framework */ = {isa = PBXFileReference; lastKnownFileType = wrapper.framework; name = Security.framework; path = System/Library/Frameworks/Security.framework; sourceTree = SDKROOT; };
		3928AF441A2685FD00BE9DBC /* QuartzCore.framework */ = {isa = PBXFileReference; lastKnownFileType = wrapper.framework; name = QuartzCore.framework; path = System/Library/Frameworks/QuartzCore.framework; sourceTree = SDKROOT; };
		3928AF461A26860500BE9DBC /* MobileCoreServices.framework */ = {isa = PBXFileReference; lastKnownFileType = wrapper.framework; name = MobileCoreServices.framework; path = System/Library/Frameworks/MobileCoreServices.framework; sourceTree = SDKROOT; };
		3928AF481A26861500BE9DBC /* libz.dylib */ = {isa = PBXFileReference; lastKnownFileType = "compiled.mach-o.dylib"; name = libz.dylib; path = usr/lib/libz.dylib; sourceTree = SDKROOT; };
		3928AF4A1A26861A00BE9DBC /* CoreLocation.framework */ = {isa = PBXFileReference; lastKnownFileType = wrapper.framework; name = CoreLocation.framework; path = System/Library/Frameworks/CoreLocation.framework; sourceTree = SDKROOT; };
		3928AF4C1A26862100BE9DBC /* CoreGraphics.framework */ = {isa = PBXFileReference; lastKnownFileType = wrapper.framework; name = CoreGraphics.framework; path = System/Library/Frameworks/CoreGraphics.framework; sourceTree = SDKROOT; };
		3928AF4E1A26862A00BE9DBC /* CFNetwork.framework */ = {isa = PBXFileReference; lastKnownFileType = wrapper.framework; name = CFNetwork.framework; path = System/Library/Frameworks/CFNetwork.framework; sourceTree = SDKROOT; };
		3928AF501A26863200BE9DBC /* AudioToolbox.framework */ = {isa = PBXFileReference; lastKnownFileType = wrapper.framework; name = AudioToolbox.framework; path = System/Library/Frameworks/AudioToolbox.framework; sourceTree = SDKROOT; };
		3928AF521A26863800BE9DBC /* MessageUI.framework */ = {isa = PBXFileReference; lastKnownFileType = wrapper.framework; name = MessageUI.framework; path = System/Library/Frameworks/MessageUI.framework; sourceTree = SDKROOT; };
		3928AF551A26864900BE9DBC /* Bolts.framework */ = {isa = PBXFileReference; lastKnownFileType = wrapper.framework; path = Bolts.framework; sourceTree = "<group>"; };
		3928AF561A26864900BE9DBC /* Parse.framework */ = {isa = PBXFileReference; lastKnownFileType = wrapper.framework; path = Parse.framework; sourceTree = "<group>"; };
		3928AF571A26864900BE9DBC /* ParseFacebookUtils.framework */ = {isa = PBXFileReference; lastKnownFileType = wrapper.framework; path = ParseFacebookUtils.framework; sourceTree = "<group>"; };
		3928AF581A26864900BE9DBC /* ParseUI.framework */ = {isa = PBXFileReference; lastKnownFileType = wrapper.framework; path = ParseUI.framework; sourceTree = "<group>"; };
		3928AF5F1A26867400BE9DBC /* Foundation.framework */ = {isa = PBXFileReference; lastKnownFileType = wrapper.framework; name = Foundation.framework; path = System/Library/Frameworks/Foundation.framework; sourceTree = SDKROOT; };
		3928AF621A269DC100BE9DBC /* CityBicycleCompany.entitlements */ = {isa = PBXFileReference; lastKnownFileType = text.xml; path = CityBicycleCompany.entitlements; sourceTree = "<group>"; };
		396881071A26AD68001D1AE7 /* PassKit.framework */ = {isa = PBXFileReference; lastKnownFileType = wrapper.framework; name = PassKit.framework; path = System/Library/Frameworks/PassKit.framework; sourceTree = SDKROOT; };
		39C528C11A2684700018C017 /* ProfileViewController.h */ = {isa = PBXFileReference; fileEncoding = 4; lastKnownFileType = sourcecode.c.h; path = ProfileViewController.h; sourceTree = "<group>"; };
		39C528C21A2684700018C017 /* ProfileViewController.m */ = {isa = PBXFileReference; fileEncoding = 4; lastKnownFileType = sourcecode.c.objc; path = ProfileViewController.m; sourceTree = "<group>"; };
		39DE84131A2680D300BB47FB /* CityBicycleCompany.app */ = {isa = PBXFileReference; explicitFileType = wrapper.application; includeInIndex = 0; path = CityBicycleCompany.app; sourceTree = BUILT_PRODUCTS_DIR; };
		39DE84171A2680D300BB47FB /* Info.plist */ = {isa = PBXFileReference; lastKnownFileType = text.plist.xml; path = Info.plist; sourceTree = "<group>"; };
		39DE84181A2680D300BB47FB /* main.m */ = {isa = PBXFileReference; lastKnownFileType = sourcecode.c.objc; path = main.m; sourceTree = "<group>"; };
		39DE841A1A2680D300BB47FB /* AppDelegate.h */ = {isa = PBXFileReference; lastKnownFileType = sourcecode.c.h; path = AppDelegate.h; sourceTree = "<group>"; };
		39DE841B1A2680D300BB47FB /* AppDelegate.m */ = {isa = PBXFileReference; lastKnownFileType = sourcecode.c.objc; path = AppDelegate.m; sourceTree = "<group>"; };
		39DE84211A2680D300BB47FB /* Base */ = {isa = PBXFileReference; lastKnownFileType = file.storyboard; name = Base; path = Base.lproj/Main.storyboard; sourceTree = "<group>"; };
		39DE84231A2680D300BB47FB /* Images.xcassets */ = {isa = PBXFileReference; lastKnownFileType = folder.assetcatalog; path = Images.xcassets; sourceTree = "<group>"; };
		39DE84261A2680D300BB47FB /* Base */ = {isa = PBXFileReference; lastKnownFileType = file.xib; name = Base; path = Base.lproj/LaunchScreen.xib; sourceTree = "<group>"; };
		39DE842C1A2680D300BB47FB /* CityBicycleCompanyTests.xctest */ = {isa = PBXFileReference; explicitFileType = wrapper.cfbundle; includeInIndex = 0; path = CityBicycleCompanyTests.xctest; sourceTree = BUILT_PRODUCTS_DIR; };
		39DE84311A2680D300BB47FB /* Info.plist */ = {isa = PBXFileReference; lastKnownFileType = text.plist.xml; path = Info.plist; sourceTree = "<group>"; };
		39DE84321A2680D300BB47FB /* CityBicycleCompanyTests.m */ = {isa = PBXFileReference; lastKnownFileType = sourcecode.c.objc; path = CityBicycleCompanyTests.m; sourceTree = "<group>"; };
		39DE843C1A26835500BB47FB /* ProductViewController.h */ = {isa = PBXFileReference; fileEncoding = 4; lastKnownFileType = sourcecode.c.h; path = ProductViewController.h; sourceTree = "<group>"; };
		39DE843D1A26835500BB47FB /* ProductViewController.m */ = {isa = PBXFileReference; fileEncoding = 4; lastKnownFileType = sourcecode.c.objc; path = ProductViewController.m; sourceTree = "<group>"; };
		39DE843F1A2683AF00BB47FB /* AccessoriesViewController.h */ = {isa = PBXFileReference; fileEncoding = 4; lastKnownFileType = sourcecode.c.h; path = AccessoriesViewController.h; sourceTree = "<group>"; };
		39DE84401A2683AF00BB47FB /* AccessoriesViewController.m */ = {isa = PBXFileReference; fileEncoding = 4; lastKnownFileType = sourcecode.c.objc; path = AccessoriesViewController.m; sourceTree = "<group>"; };
		FB0E0B1F1A293C240053F9D1 /* Bolts.framework */ = {isa = PBXFileReference; lastKnownFileType = wrapper.framework; name = Bolts.framework; path = ../../../../Downloads/ParseStarterProject/Bolts.framework; sourceTree = "<group>"; };
		FB0E0B211A293C610053F9D1 /* ParseFacebookUtils.framework */ = {isa = PBXFileReference; lastKnownFileType = wrapper.framework; name = ParseFacebookUtils.framework; path = ../../../../Downloads/ParseStarterProject/ParseFacebookUtils.framework; sourceTree = "<group>"; };
		FB0E0B231A293C720053F9D1 /* ParseUI.framework */ = {isa = PBXFileReference; lastKnownFileType = wrapper.framework; name = ParseUI.framework; path = ../../../../Downloads/ParseStarterProject/ParseUI.framework; sourceTree = "<group>"; };
		FB0E0B261A293CD60053F9D1 /* Parse.framework */ = {isa = PBXFileReference; lastKnownFileType = wrapper.framework; name = Parse.framework; path = ../../../../Downloads/ParseStarterProject/Parse.framework; sourceTree = "<group>"; };
		FB0E0B2B1A293EB50053F9D1 /* Stripe+ApplePay.h */ = {isa = PBXFileReference; fileEncoding = 4; lastKnownFileType = sourcecode.c.h; path = "Stripe+ApplePay.h"; sourceTree = "<group>"; };
		FB0E0B2C1A293EB50053F9D1 /* Stripe+ApplePay.m */ = {isa = PBXFileReference; fileEncoding = 4; lastKnownFileType = sourcecode.c.objc; path = "Stripe+ApplePay.m"; sourceTree = "<group>"; };
		FB0E0B2D1A293EB50053F9D1 /* STPAPIConnection.h */ = {isa = PBXFileReference; fileEncoding = 4; lastKnownFileType = sourcecode.c.h; path = STPAPIConnection.h; sourceTree = "<group>"; };
		FB0E0B2E1A293EB50053F9D1 /* STPAPIConnection.m */ = {isa = PBXFileReference; fileEncoding = 4; lastKnownFileType = sourcecode.c.objc; path = STPAPIConnection.m; sourceTree = "<group>"; };
		FB0E0B2F1A293EB50053F9D1 /* STPBankAccount.h */ = {isa = PBXFileReference; fileEncoding = 4; lastKnownFileType = sourcecode.c.h; path = STPBankAccount.h; sourceTree = "<group>"; };
		FB0E0B301A293EB50053F9D1 /* STPBankAccount.m */ = {isa = PBXFileReference; fileEncoding = 4; lastKnownFileType = sourcecode.c.objc; path = STPBankAccount.m; sourceTree = "<group>"; };
		FB0E0B311A293EB50053F9D1 /* STPCard.h */ = {isa = PBXFileReference; fileEncoding = 4; lastKnownFileType = sourcecode.c.h; path = STPCard.h; sourceTree = "<group>"; };
		FB0E0B321A293EB50053F9D1 /* STPCard.m */ = {isa = PBXFileReference; fileEncoding = 4; lastKnownFileType = sourcecode.c.objc; path = STPCard.m; sourceTree = "<group>"; };
		FB0E0B331A293EB50053F9D1 /* STPFormEncodeProtocol.h */ = {isa = PBXFileReference; fileEncoding = 4; lastKnownFileType = sourcecode.c.h; path = STPFormEncodeProtocol.h; sourceTree = "<group>"; };
		FB0E0B341A293EB50053F9D1 /* STPToken.h */ = {isa = PBXFileReference; fileEncoding = 4; lastKnownFileType = sourcecode.c.h; path = STPToken.h; sourceTree = "<group>"; };
		FB0E0B351A293EB50053F9D1 /* STPToken.m */ = {isa = PBXFileReference; fileEncoding = 4; lastKnownFileType = sourcecode.c.objc; path = STPToken.m; sourceTree = "<group>"; };
		FB0E0B361A293EB50053F9D1 /* STPUtils.h */ = {isa = PBXFileReference; fileEncoding = 4; lastKnownFileType = sourcecode.c.h; path = STPUtils.h; sourceTree = "<group>"; };
		FB0E0B371A293EB50053F9D1 /* STPUtils.m */ = {isa = PBXFileReference; fileEncoding = 4; lastKnownFileType = sourcecode.c.objc; path = STPUtils.m; sourceTree = "<group>"; };
		FB0E0B381A293EB50053F9D1 /* Stripe.h */ = {isa = PBXFileReference; fileEncoding = 4; lastKnownFileType = sourcecode.c.h; path = Stripe.h; sourceTree = "<group>"; };
		FB0E0B391A293EB50053F9D1 /* Stripe.m */ = {isa = PBXFileReference; fileEncoding = 4; lastKnownFileType = sourcecode.c.objc; path = Stripe.m; sourceTree = "<group>"; };
		FB0E0B3A1A293EB50053F9D1 /* StripeError.h */ = {isa = PBXFileReference; fileEncoding = 4; lastKnownFileType = sourcecode.c.h; path = StripeError.h; sourceTree = "<group>"; };
		FB0E0B3B1A293EB50053F9D1 /* StripeError.m */ = {isa = PBXFileReference; fileEncoding = 4; lastKnownFileType = sourcecode.c.objc; path = StripeError.m; sourceTree = "<group>"; };
		FB0E0B3D1A293EB50053F9D1 /* Stripe-Prefix.pch */ = {isa = PBXFileReference; fileEncoding = 4; lastKnownFileType = sourcecode.c.h; path = "Stripe-Prefix.pch"; sourceTree = "<group>"; };
		FBDEE0E31A26B5E4006A974E /* Bolts.framework */ = {isa = PBXFileReference; lastKnownFileType = wrapper.framework; path = Bolts.framework; sourceTree = "<group>"; };
		FBDEE0E41A26B5E4006A974E /* Parse.framework */ = {isa = PBXFileReference; lastKnownFileType = wrapper.framework; path = Parse.framework; sourceTree = "<group>"; };
		FBDEE0E51A26B5E4006A974E /* ParseFacebookUtils.framework */ = {isa = PBXFileReference; lastKnownFileType = wrapper.framework; path = ParseFacebookUtils.framework; sourceTree = "<group>"; };
		FBDEE0E71A26B5E4006A974E /* Default-568h@2x.png */ = {isa = PBXFileReference; lastKnownFileType = image.png; path = "Default-568h@2x.png"; sourceTree = "<group>"; };
		FBDEE0E81A26B5E4006A974E /* Default.png */ = {isa = PBXFileReference; lastKnownFileType = image.png; path = Default.png; sourceTree = "<group>"; };
		FBDEE0E91A26B5E4006A974E /* Default@2x.png */ = {isa = PBXFileReference; lastKnownFileType = image.png; path = "Default@2x.png"; sourceTree = "<group>"; };
		FBDEE0EB1A26B5E4006A974E /* en */ = {isa = PBXFileReference; lastKnownFileType = text.plist.strings; name = en; path = en.lproj/InfoPlist.strings; sourceTree = "<group>"; };
		FBDEE0ED1A26B5E4006A974E /* en */ = {isa = PBXFileReference; lastKnownFileType = file.xib; name = en; path = en.lproj/MainWindow.xib; sourceTree = "<group>"; };
		FBDEE0EF1A26B5E4006A974E /* en */ = {isa = PBXFileReference; lastKnownFileType = file.xib; name = en; path = en.lproj/ParseStarterProjectViewController.xib; sourceTree = "<group>"; };
		FBDEE0F01A26B5E4006A974E /* Entitlements.plist */ = {isa = PBXFileReference; lastKnownFileType = text.plist.xml; path = Entitlements.plist; sourceTree = "<group>"; };
		FBDEE0F11A26B5E4006A974E /* main.m */ = {isa = PBXFileReference; lastKnownFileType = sourcecode.c.objc; path = main.m; sourceTree = "<group>"; };
		FBDEE0F21A26B5E4006A974E /* ParseStarterProject-Info.plist */ = {isa = PBXFileReference; lastKnownFileType = text.plist.xml; path = "ParseStarterProject-Info.plist"; sourceTree = "<group>"; };
		FBDEE0F31A26B5E4006A974E /* ParseStarterProject-Prefix.pch */ = {isa = PBXFileReference; lastKnownFileType = sourcecode.c.h; path = "ParseStarterProject-Prefix.pch"; sourceTree = "<group>"; };
		FBDEE0F41A26B5E4006A974E /* ParseStarterProjectAppDelegate.h */ = {isa = PBXFileReference; lastKnownFileType = sourcecode.c.h; path = ParseStarterProjectAppDelegate.h; sourceTree = "<group>"; };
		FBDEE0F51A26B5E4006A974E /* ParseStarterProjectAppDelegate.m */ = {isa = PBXFileReference; lastKnownFileType = sourcecode.c.objc; path = ParseStarterProjectAppDelegate.m; sourceTree = "<group>"; };
		FBDEE0F61A26B5E4006A974E /* ParseStarterProjectViewController.h */ = {isa = PBXFileReference; lastKnownFileType = sourcecode.c.h; path = ParseStarterProjectViewController.h; sourceTree = "<group>"; };
		FBDEE0F71A26B5E4006A974E /* ParseStarterProjectViewController.m */ = {isa = PBXFileReference; lastKnownFileType = sourcecode.c.objc; path = ParseStarterProjectViewController.m; sourceTree = "<group>"; };
		FBDEE0F81A26B5E4006A974E /* ParseStarterProject.xcodeproj */ = {isa = PBXFileReference; lastKnownFileType = "wrapper.pb-project"; path = ParseStarterProject.xcodeproj; sourceTree = "<group>"; };
		FBDEE0FB1A26B5E4006A974E /* ParseUI.framework */ = {isa = PBXFileReference; lastKnownFileType = wrapper.framework; path = ParseUI.framework; sourceTree = "<group>"; };
/* End PBXFileReference section */

/* Begin PBXFrameworksBuildPhase section */
		39DE84101A2680D300BB47FB /* Frameworks */ = {
			isa = PBXFrameworksBuildPhase;
			buildActionMask = 2147483647;
			files = (
				FB0E0B281A293CE80053F9D1 /* ParseUI.framework in Frameworks */,
				FB0E0B271A293CD60053F9D1 /* Parse.framework in Frameworks */,
				FB0E0B251A293CC60053F9D1 /* Bolts.framework in Frameworks */,
				396881081A26AD68001D1AE7 /* PassKit.framework in Frameworks */,
				3928AF601A26867400BE9DBC /* Foundation.framework in Frameworks */,
				3928AF431A2685F500BE9DBC /* Security.framework in Frameworks */,
				3928AF531A26863800BE9DBC /* MessageUI.framework in Frameworks */,
				3928AF511A26863200BE9DBC /* AudioToolbox.framework in Frameworks */,
				3928AF4F1A26862A00BE9DBC /* CFNetwork.framework in Frameworks */,
				3928AF4D1A26862100BE9DBC /* CoreGraphics.framework in Frameworks */,
				3928AF4B1A26861A00BE9DBC /* CoreLocation.framework in Frameworks */,
				3928AF491A26861500BE9DBC /* libz.dylib in Frameworks */,
				3928AF471A26860500BE9DBC /* MobileCoreServices.framework in Frameworks */,
				3928AF451A2685FD00BE9DBC /* QuartzCore.framework in Frameworks */,
				3928AF3F1A2685D800BE9DBC /* SystemConfiguration.framework in Frameworks */,
				3928AF3D1A2685CD00BE9DBC /* Social.framework in Frameworks */,
				3928AF3B1A2685C700BE9DBC /* AdSupport.framework in Frameworks */,
				3928AF391A2685C100BE9DBC /* Accounts.framework in Frameworks */,
			);
			runOnlyForDeploymentPostprocessing = 0;
		};
		39DE84291A2680D300BB47FB /* Frameworks */ = {
			isa = PBXFrameworksBuildPhase;
			buildActionMask = 2147483647;
			files = (
			);
			runOnlyForDeploymentPostprocessing = 0;
		};
/* End PBXFrameworksBuildPhase section */

/* Begin PBXGroup section */
		3928AF541A26864900BE9DBC /* parse-library-1.5.0 */ = {
			isa = PBXGroup;
			children = (
				3928AF551A26864900BE9DBC /* Bolts.framework */,
				3928AF561A26864900BE9DBC /* Parse.framework */,
				3928AF571A26864900BE9DBC /* ParseFacebookUtils.framework */,
				3928AF581A26864900BE9DBC /* ParseUI.framework */,
			);
			name = "parse-library-1.5.0";
			path = "../../../Downloads/parse-library-1.5.0";
			sourceTree = "<group>";
		};
		3928AF611A26869400BE9DBC /* Frameworks */ = {
			isa = PBXGroup;
			children = (
				FB0E0B261A293CD60053F9D1 /* Parse.framework */,
				FB0E0B231A293C720053F9D1 /* ParseUI.framework */,
				FB0E0B211A293C610053F9D1 /* ParseFacebookUtils.framework */,
				FB0E0B1F1A293C240053F9D1 /* Bolts.framework */,
				FBDEE0E21A26B5E4006A974E /* ParseStarterProject-2 */,
				396881071A26AD68001D1AE7 /* PassKit.framework */,
				3928AF5F1A26867400BE9DBC /* Foundation.framework */,
				3928AF521A26863800BE9DBC /* MessageUI.framework */,
				3928AF501A26863200BE9DBC /* AudioToolbox.framework */,
				3928AF4E1A26862A00BE9DBC /* CFNetwork.framework */,
				3928AF4C1A26862100BE9DBC /* CoreGraphics.framework */,
				3928AF4A1A26861A00BE9DBC /* CoreLocation.framework */,
				3928AF481A26861500BE9DBC /* libz.dylib */,
				3928AF461A26860500BE9DBC /* MobileCoreServices.framework */,
				3928AF441A2685FD00BE9DBC /* QuartzCore.framework */,
				3928AF421A2685F500BE9DBC /* Security.framework */,
				3928AF3E1A2685D800BE9DBC /* SystemConfiguration.framework */,
				3928AF3C1A2685CD00BE9DBC /* Social.framework */,
				3928AF3A1A2685C700BE9DBC /* AdSupport.framework */,
				3928AF381A2685C100BE9DBC /* Accounts.framework */,
			);
			name = Frameworks;
			sourceTree = "<group>";
		};
		39DE840A1A2680D300BB47FB = {
			isa = PBXGroup;
			children = (
				39DE84201A2680D300BB47FB /* Main.storyboard */,
				39DE84151A2680D300BB47FB /* CityBicycleCompany */,
				39DE842F1A2680D300BB47FB /* CityBicycleCompanyTests */,
				39DE84141A2680D300BB47FB /* Products */,
				3928AF611A26869400BE9DBC /* Frameworks */,
				3928AF541A26864900BE9DBC /* parse-library-1.5.0 */,
			);
			sourceTree = "<group>";
		};
		39DE84141A2680D300BB47FB /* Products */ = {
			isa = PBXGroup;
			children = (
				39DE84131A2680D300BB47FB /* CityBicycleCompany.app */,
				39DE842C1A2680D300BB47FB /* CityBicycleCompanyTests.xctest */,
			);
			name = Products;
			sourceTree = "<group>";
		};
		39DE84151A2680D300BB47FB /* CityBicycleCompany */ = {
			isa = PBXGroup;
			children = (
				FB0E0B291A293EB50053F9D1 /* Stripe */,
				3928AF621A269DC100BE9DBC /* CityBicycleCompany.entitlements */,
				39DE843F1A2683AF00BB47FB /* AccessoriesViewController.h */,
				39DE84401A2683AF00BB47FB /* AccessoriesViewController.m */,
				39DE841A1A2680D300BB47FB /* AppDelegate.h */,
				39DE841B1A2680D300BB47FB /* AppDelegate.m */,
				3928AF321A2684A800BE9DBC /* BicycleViewController.h */,
				3928AF331A2684A800BE9DBC /* BicycleViewController.m */,
				39DE843C1A26835500BB47FB /* ProductViewController.h */,
				39DE843D1A26835500BB47FB /* ProductViewController.m */,
				39C528C11A2684700018C017 /* ProfileViewController.h */,
				39C528C21A2684700018C017 /* ProfileViewController.m */,
				3928AF351A26852200BE9DBC /* ShoppingCartViewController.h */,
				3928AF361A26852200BE9DBC /* ShoppingCartViewController.m */,
				39DE84231A2680D300BB47FB /* Images.xcassets */,
				39DE84251A2680D300BB47FB /* LaunchScreen.xib */,
				39DE84161A2680D300BB47FB /* Supporting Files */,
			);
			path = CityBicycleCompany;
			sourceTree = "<group>";
		};
		39DE84161A2680D300BB47FB /* Supporting Files */ = {
			isa = PBXGroup;
			children = (
				39DE84171A2680D300BB47FB /* Info.plist */,
				39DE84181A2680D300BB47FB /* main.m */,
			);
			name = "Supporting Files";
			sourceTree = "<group>";
		};
		39DE842F1A2680D300BB47FB /* CityBicycleCompanyTests */ = {
			isa = PBXGroup;
			children = (
				39DE84321A2680D300BB47FB /* CityBicycleCompanyTests.m */,
				39DE84301A2680D300BB47FB /* Supporting Files */,
			);
			path = CityBicycleCompanyTests;
			sourceTree = "<group>";
		};
		39DE84301A2680D300BB47FB /* Supporting Files */ = {
			isa = PBXGroup;
			children = (
				39DE84311A2680D300BB47FB /* Info.plist */,
			);
			name = "Supporting Files";
			sourceTree = "<group>";
		};
		FB0E0B291A293EB50053F9D1 /* Stripe */ = {
			isa = PBXGroup;
			children = (
				FB0E0B2A1A293EB50053F9D1 /* ApplePay */,
				FB0E0B2D1A293EB50053F9D1 /* STPAPIConnection.h */,
				FB0E0B2E1A293EB50053F9D1 /* STPAPIConnection.m */,
				FB0E0B2F1A293EB50053F9D1 /* STPBankAccount.h */,
				FB0E0B301A293EB50053F9D1 /* STPBankAccount.m */,
				FB0E0B311A293EB50053F9D1 /* STPCard.h */,
				FB0E0B321A293EB50053F9D1 /* STPCard.m */,
				FB0E0B331A293EB50053F9D1 /* STPFormEncodeProtocol.h */,
				FB0E0B341A293EB50053F9D1 /* STPToken.h */,
				FB0E0B351A293EB50053F9D1 /* STPToken.m */,
				FB0E0B361A293EB50053F9D1 /* STPUtils.h */,
				FB0E0B371A293EB50053F9D1 /* STPUtils.m */,
				FB0E0B381A293EB50053F9D1 /* Stripe.h */,
				FB0E0B391A293EB50053F9D1 /* Stripe.m */,
				FB0E0B3A1A293EB50053F9D1 /* StripeError.h */,
				FB0E0B3B1A293EB50053F9D1 /* StripeError.m */,
				FB0E0B3C1A293EB50053F9D1 /* Supporting Files */,
			);
			path = Stripe;
			sourceTree = "<group>";
		};
		FB0E0B2A1A293EB50053F9D1 /* ApplePay */ = {
			isa = PBXGroup;
			children = (
				FB0E0B2B1A293EB50053F9D1 /* Stripe+ApplePay.h */,
				FB0E0B2C1A293EB50053F9D1 /* Stripe+ApplePay.m */,
			);
			path = ApplePay;
			sourceTree = "<group>";
		};
		FB0E0B3C1A293EB50053F9D1 /* Supporting Files */ = {
			isa = PBXGroup;
			children = (
				FB0E0B3D1A293EB50053F9D1 /* Stripe-Prefix.pch */,
			);
			path = "Supporting Files";
			sourceTree = "<group>";
		};
		FBDEE0E21A26B5E4006A974E /* ParseStarterProject-2 */ = {
			isa = PBXGroup;
			children = (
				FBDEE0E31A26B5E4006A974E /* Bolts.framework */,
				FBDEE0E41A26B5E4006A974E /* Parse.framework */,
				FBDEE0E51A26B5E4006A974E /* ParseFacebookUtils.framework */,
				FBDEE0E61A26B5E4006A974E /* ParseStarterProject */,
				FBDEE0F81A26B5E4006A974E /* ParseStarterProject.xcodeproj */,
				FBDEE0FB1A26B5E4006A974E /* ParseUI.framework */,
			);
			name = "ParseStarterProject-2";
			path = "../../../../Downloads/ParseStarterProject-2";
			sourceTree = "<group>";
		};
		FBDEE0E61A26B5E4006A974E /* ParseStarterProject */ = {
			isa = PBXGroup;
			children = (
				FBDEE0E71A26B5E4006A974E /* Default-568h@2x.png */,
				FBDEE0E81A26B5E4006A974E /* Default.png */,
				FBDEE0E91A26B5E4006A974E /* Default@2x.png */,
				FBDEE0EA1A26B5E4006A974E /* InfoPlist.strings */,
				FBDEE0EC1A26B5E4006A974E /* MainWindow.xib */,
				FBDEE0EE1A26B5E4006A974E /* ParseStarterProjectViewController.xib */,
				FBDEE0F01A26B5E4006A974E /* Entitlements.plist */,
				FBDEE0F11A26B5E4006A974E /* main.m */,
				FBDEE0F21A26B5E4006A974E /* ParseStarterProject-Info.plist */,
				FBDEE0F31A26B5E4006A974E /* ParseStarterProject-Prefix.pch */,
				FBDEE0F41A26B5E4006A974E /* ParseStarterProjectAppDelegate.h */,
				FBDEE0F51A26B5E4006A974E /* ParseStarterProjectAppDelegate.m */,
				FBDEE0F61A26B5E4006A974E /* ParseStarterProjectViewController.h */,
				FBDEE0F71A26B5E4006A974E /* ParseStarterProjectViewController.m */,
			);
			path = ParseStarterProject;
			sourceTree = "<group>";
		};
		FBDEE0F91A26B5E4006A974E /* Products */ = {
			isa = PBXGroup;
			children = (
				FBDEE0FE1A26B5E4006A974E /* ParseStarterProject.app */,
			);
			name = Products;
			sourceTree = "<group>";
		};
/* End PBXGroup section */

/* Begin PBXNativeTarget section */
		39DE84121A2680D300BB47FB /* CityBicycleCompany */ = {
			isa = PBXNativeTarget;
			buildConfigurationList = 39DE84361A2680D300BB47FB /* Build configuration list for PBXNativeTarget "CityBicycleCompany" */;
			buildPhases = (
				39DE840F1A2680D300BB47FB /* Sources */,
				39DE84101A2680D300BB47FB /* Frameworks */,
				39DE84111A2680D300BB47FB /* Resources */,
			);
			buildRules = (
			);
			dependencies = (
			);
			name = CityBicycleCompany;
			productName = CityBicycleCompany;
			productReference = 39DE84131A2680D300BB47FB /* CityBicycleCompany.app */;
			productType = "com.apple.product-type.application";
		};
		39DE842B1A2680D300BB47FB /* CityBicycleCompanyTests */ = {
			isa = PBXNativeTarget;
			buildConfigurationList = 39DE84391A2680D300BB47FB /* Build configuration list for PBXNativeTarget "CityBicycleCompanyTests" */;
			buildPhases = (
				39DE84281A2680D300BB47FB /* Sources */,
				39DE84291A2680D300BB47FB /* Frameworks */,
				39DE842A1A2680D300BB47FB /* Resources */,
			);
			buildRules = (
			);
			dependencies = (
				39DE842E1A2680D300BB47FB /* PBXTargetDependency */,
			);
			name = CityBicycleCompanyTests;
			productName = CityBicycleCompanyTests;
			productReference = 39DE842C1A2680D300BB47FB /* CityBicycleCompanyTests.xctest */;
			productType = "com.apple.product-type.bundle.unit-test";
		};
/* End PBXNativeTarget section */

/* Begin PBXProject section */
		39DE840B1A2680D300BB47FB /* Project object */ = {
			isa = PBXProject;
			attributes = {
				LastUpgradeCheck = 0610;
				ORGANIZATIONNAME = MVA;
				TargetAttributes = {
					39DE84121A2680D300BB47FB = {
						CreatedOnToolsVersion = 6.1;
						DevelopmentTeam = E2V48AYLA7;
						SystemCapabilities = {
							com.apple.GameCenter = {
								enabled = 0;
							};
							com.apple.InAppPurchase = {
								enabled = 0;
							};
							com.apple.OMC = {
								enabled = 1;
							};
							com.apple.Passbook = {
								enabled = 0;
							};
						};
					};
					39DE842B1A2680D300BB47FB = {
						CreatedOnToolsVersion = 6.1;
						TestTargetID = 39DE84121A2680D300BB47FB;
					};
				};
			};
			buildConfigurationList = 39DE840E1A2680D300BB47FB /* Build configuration list for PBXProject "CityBicycleCompany" */;
			compatibilityVersion = "Xcode 3.2";
			developmentRegion = English;
			hasScannedForEncodings = 0;
			knownRegions = (
				en,
				Base,
			);
			mainGroup = 39DE840A1A2680D300BB47FB;
			productRefGroup = 39DE84141A2680D300BB47FB /* Products */;
			projectDirPath = "";
			projectReferences = (
				{
					ProductGroup = FBDEE0F91A26B5E4006A974E /* Products */;
					ProjectRef = FBDEE0F81A26B5E4006A974E /* ParseStarterProject.xcodeproj */;
				},
			);
			projectRoot = "";
			targets = (
				39DE84121A2680D300BB47FB /* CityBicycleCompany */,
				39DE842B1A2680D300BB47FB /* CityBicycleCompanyTests */,
			);
		};
/* End PBXProject section */

/* Begin PBXReferenceProxy section */
		FBDEE0FE1A26B5E4006A974E /* ParseStarterProject.app */ = {
			isa = PBXReferenceProxy;
			fileType = wrapper.application;
			path = ParseStarterProject.app;
			remoteRef = FBDEE0FD1A26B5E4006A974E /* PBXContainerItemProxy */;
			sourceTree = BUILT_PRODUCTS_DIR;
		};
/* End PBXReferenceProxy section */

/* Begin PBXResourcesBuildPhase section */
		39DE84111A2680D300BB47FB /* Resources */ = {
			isa = PBXResourcesBuildPhase;
			buildActionMask = 2147483647;
			files = (
				39DE84221A2680D300BB47FB /* Main.storyboard in Resources */,
				39DE84271A2680D300BB47FB /* LaunchScreen.xib in Resources */,
				39DE84241A2680D300BB47FB /* Images.xcassets in Resources */,
			);
			runOnlyForDeploymentPostprocessing = 0;
		};
		39DE842A1A2680D300BB47FB /* Resources */ = {
			isa = PBXResourcesBuildPhase;
			buildActionMask = 2147483647;
			files = (
			);
			runOnlyForDeploymentPostprocessing = 0;
		};
/* End PBXResourcesBuildPhase section */

/* Begin PBXSourcesBuildPhase section */
		39DE840F1A2680D300BB47FB /* Sources */ = {
			isa = PBXSourcesBuildPhase;
			buildActionMask = 2147483647;
			files = (
				39DE841C1A2680D300BB47FB /* AppDelegate.m in Sources */,
				39DE84411A2683AF00BB47FB /* AccessoriesViewController.m in Sources */,
				FB0E0B3E1A293EB50053F9D1 /* Stripe+ApplePay.m in Sources */,
				3928AF341A2684A800BE9DBC /* BicycleViewController.m in Sources */,
				39DE843E1A26835500BB47FB /* ProductViewController.m in Sources */,
				39DE84191A2680D300BB47FB /* main.m in Sources */,
				FB0E0B401A293EB50053F9D1 /* STPAPIConnection.m in Sources */,
				FB0E0B4C1A293EB50053F9D1 /* StripeError.m in Sources */,
				39C528C31A2684700018C017 /* ProfileViewController.m in Sources */,
				3928AF371A26852200BE9DBC /* ShoppingCartViewController.m in Sources */,
				FB0E0B481A293EB50053F9D1 /* STPUtils.m in Sources */,
				FB0E0B461A293EB50053F9D1 /* STPToken.m in Sources */,
				FB0E0B441A293EB50053F9D1 /* STPCard.m in Sources */,
				FB0E0B4A1A293EB50053F9D1 /* Stripe.m in Sources */,
				FB0E0B421A293EB50053F9D1 /* STPBankAccount.m in Sources */,
			);
			runOnlyForDeploymentPostprocessing = 0;
		};
		39DE84281A2680D300BB47FB /* Sources */ = {
			isa = PBXSourcesBuildPhase;
			buildActionMask = 2147483647;
			files = (
				FB0E0B451A293EB50053F9D1 /* STPCard.m in Sources */,
				FB0E0B491A293EB50053F9D1 /* STPUtils.m in Sources */,
				FB0E0B4B1A293EB50053F9D1 /* Stripe.m in Sources */,
				FB0E0B411A293EB50053F9D1 /* STPAPIConnection.m in Sources */,
				FB0E0B3F1A293EB50053F9D1 /* Stripe+ApplePay.m in Sources */,
				FB0E0B471A293EB50053F9D1 /* STPToken.m in Sources */,
				39DE84331A2680D300BB47FB /* CityBicycleCompanyTests.m in Sources */,
				FB0E0B4D1A293EB50053F9D1 /* StripeError.m in Sources */,
				FB0E0B431A293EB50053F9D1 /* STPBankAccount.m in Sources */,
			);
			runOnlyForDeploymentPostprocessing = 0;
		};
/* End PBXSourcesBuildPhase section */

/* Begin PBXTargetDependency section */
		39DE842E1A2680D300BB47FB /* PBXTargetDependency */ = {
			isa = PBXTargetDependency;
			target = 39DE84121A2680D300BB47FB /* CityBicycleCompany */;
			targetProxy = 39DE842D1A2680D300BB47FB /* PBXContainerItemProxy */;
		};
/* End PBXTargetDependency section */

/* Begin PBXVariantGroup section */
		39DE84201A2680D300BB47FB /* Main.storyboard */ = {
			isa = PBXVariantGroup;
			children = (
				39DE84211A2680D300BB47FB /* Base */,
			);
			name = Main.storyboard;
			path = CityBicycleCompany;
			sourceTree = "<group>";
		};
		39DE84251A2680D300BB47FB /* LaunchScreen.xib */ = {
			isa = PBXVariantGroup;
			children = (
				39DE84261A2680D300BB47FB /* Base */,
			);
			name = LaunchScreen.xib;
			sourceTree = "<group>";
		};
		FBDEE0EA1A26B5E4006A974E /* InfoPlist.strings */ = {
			isa = PBXVariantGroup;
			children = (
				FBDEE0EB1A26B5E4006A974E /* en */,
			);
			name = InfoPlist.strings;
			sourceTree = "<group>";
		};
		FBDEE0EC1A26B5E4006A974E /* MainWindow.xib */ = {
			isa = PBXVariantGroup;
			children = (
				FBDEE0ED1A26B5E4006A974E /* en */,
			);
			name = MainWindow.xib;
			sourceTree = "<group>";
		};
		FBDEE0EE1A26B5E4006A974E /* ParseStarterProjectViewController.xib */ = {
			isa = PBXVariantGroup;
			children = (
				FBDEE0EF1A26B5E4006A974E /* en */,
			);
			name = ParseStarterProjectViewController.xib;
			sourceTree = "<group>";
		};
/* End PBXVariantGroup section */

/* Begin XCBuildConfiguration section */
		39DE84341A2680D300BB47FB /* Debug */ = {
			isa = XCBuildConfiguration;
			buildSettings = {
				ALWAYS_SEARCH_USER_PATHS = NO;
				CLANG_CXX_LANGUAGE_STANDARD = "gnu++0x";
				CLANG_CXX_LIBRARY = "libc++";
				CLANG_ENABLE_MODULES = YES;
				CLANG_ENABLE_OBJC_ARC = YES;
				CLANG_WARN_BOOL_CONVERSION = YES;
				CLANG_WARN_CONSTANT_CONVERSION = YES;
				CLANG_WARN_DIRECT_OBJC_ISA_USAGE = YES_ERROR;
				CLANG_WARN_EMPTY_BODY = YES;
				CLANG_WARN_ENUM_CONVERSION = YES;
				CLANG_WARN_INT_CONVERSION = YES;
				CLANG_WARN_OBJC_ROOT_CLASS = YES_ERROR;
				CLANG_WARN_UNREACHABLE_CODE = YES;
				CLANG_WARN__DUPLICATE_METHOD_MATCH = YES;
				"CODE_SIGN_IDENTITY[sdk=iphoneos*]" = "iPhone Developer";
				COPY_PHASE_STRIP = NO;
				ENABLE_STRICT_OBJC_MSGSEND = YES;
				GCC_C_LANGUAGE_STANDARD = gnu99;
				GCC_DYNAMIC_NO_PIC = NO;
				GCC_OPTIMIZATION_LEVEL = 0;
				GCC_PREPROCESSOR_DEFINITIONS = (
					"DEBUG=1",
					"$(inherited)",
				);
				GCC_SYMBOLS_PRIVATE_EXTERN = NO;
				GCC_WARN_64_TO_32_BIT_CONVERSION = YES;
				GCC_WARN_ABOUT_RETURN_TYPE = YES_ERROR;
				GCC_WARN_UNDECLARED_SELECTOR = YES;
				GCC_WARN_UNINITIALIZED_AUTOS = YES_AGGRESSIVE;
				GCC_WARN_UNUSED_FUNCTION = YES;
				GCC_WARN_UNUSED_VARIABLE = YES;
				IPHONEOS_DEPLOYMENT_TARGET = 8.1;
				MTL_ENABLE_DEBUG_INFO = YES;
				ONLY_ACTIVE_ARCH = YES;
				PROVISIONING_PROFILE = "bfdf0495-562c-4b17-9ad9-615b4f98865b";
				SDKROOT = iphoneos;
			};
			name = Debug;
		};
		39DE84351A2680D300BB47FB /* Release */ = {
			isa = XCBuildConfiguration;
			buildSettings = {
				ALWAYS_SEARCH_USER_PATHS = NO;
				CLANG_CXX_LANGUAGE_STANDARD = "gnu++0x";
				CLANG_CXX_LIBRARY = "libc++";
				CLANG_ENABLE_MODULES = YES;
				CLANG_ENABLE_OBJC_ARC = YES;
				CLANG_WARN_BOOL_CONVERSION = YES;
				CLANG_WARN_CONSTANT_CONVERSION = YES;
				CLANG_WARN_DIRECT_OBJC_ISA_USAGE = YES_ERROR;
				CLANG_WARN_EMPTY_BODY = YES;
				CLANG_WARN_ENUM_CONVERSION = YES;
				CLANG_WARN_INT_CONVERSION = YES;
				CLANG_WARN_OBJC_ROOT_CLASS = YES_ERROR;
				CLANG_WARN_UNREACHABLE_CODE = YES;
				CLANG_WARN__DUPLICATE_METHOD_MATCH = YES;
				"CODE_SIGN_IDENTITY[sdk=iphoneos*]" = "iPhone Developer";
				COPY_PHASE_STRIP = YES;
				ENABLE_NS_ASSERTIONS = NO;
				ENABLE_STRICT_OBJC_MSGSEND = YES;
				GCC_C_LANGUAGE_STANDARD = gnu99;
				GCC_WARN_64_TO_32_BIT_CONVERSION = YES;
				GCC_WARN_ABOUT_RETURN_TYPE = YES_ERROR;
				GCC_WARN_UNDECLARED_SELECTOR = YES;
				GCC_WARN_UNINITIALIZED_AUTOS = YES_AGGRESSIVE;
				GCC_WARN_UNUSED_FUNCTION = YES;
				GCC_WARN_UNUSED_VARIABLE = YES;
				IPHONEOS_DEPLOYMENT_TARGET = 8.1;
				MTL_ENABLE_DEBUG_INFO = NO;
				PROVISIONING_PROFILE = "bfdf0495-562c-4b17-9ad9-615b4f98865b";
				SDKROOT = iphoneos;
				VALIDATE_PRODUCT = YES;
			};
			name = Release;
		};
		39DE84371A2680D300BB47FB /* Debug */ = {
			isa = XCBuildConfiguration;
			buildSettings = {
				ASSETCATALOG_COMPILER_APPICON_NAME = AppIcon;
				CODE_SIGN_ENTITLEMENTS = CityBicycleCompany/CityBicycleCompany.entitlements;
				CODE_SIGN_IDENTITY = "iPhone Developer";
				"CODE_SIGN_IDENTITY[sdk=iphoneos*]" = "iPhone Developer";
				FRAMEWORK_SEARCH_PATHS = (
					"$(inherited)",
					"$(PROJECT_DIR)/stripe-ios-master",
					2/Example,
					/Users/mayyang/Downloads/ParseStarterProject,
				);
				INFOPLIST_FILE = CityBicycleCompany/Info.plist;
				LD_RUNPATH_SEARCH_PATHS = "$(inherited) @executable_path/Frameworks";
				PRODUCT_NAME = "$(TARGET_NAME)";
				PROVISIONING_PROFILE = "";
			};
			name = Debug;
		};
		39DE84381A2680D300BB47FB /* Release */ = {
			isa = XCBuildConfiguration;
			buildSettings = {
				ASSETCATALOG_COMPILER_APPICON_NAME = AppIcon;
				CODE_SIGN_ENTITLEMENTS = CityBicycleCompany/CityBicycleCompany.entitlements;
				CODE_SIGN_IDENTITY = "iPhone Developer";
				"CODE_SIGN_IDENTITY[sdk=iphoneos*]" = "iPhone Developer";
				FRAMEWORK_SEARCH_PATHS = (
					"$(inherited)",
					"$(PROJECT_DIR)/stripe-ios-master",
					2/Example,
					/Users/mayyang/Downloads/ParseStarterProject,
				);
				INFOPLIST_FILE = CityBicycleCompany/Info.plist;
				LD_RUNPATH_SEARCH_PATHS = "$(inherited) @executable_path/Frameworks";
				PRODUCT_NAME = "$(TARGET_NAME)";
				PROVISIONING_PROFILE = "";
			};
			name = Release;
		};
		39DE843A1A2680D300BB47FB /* Debug */ = {
			isa = XCBuildConfiguration;
			buildSettings = {
				BUNDLE_LOADER = "$(TEST_HOST)";
				FRAMEWORK_SEARCH_PATHS = (
					"$(SDKROOT)/Developer/Library/Frameworks",
					"$(inherited)",
				);
				GCC_PREPROCESSOR_DEFINITIONS = (
					"DEBUG=1",
					"$(inherited)",
				);
				INFOPLIST_FILE = CityBicycleCompanyTests/Info.plist;
				LD_RUNPATH_SEARCH_PATHS = "$(inherited) @executable_path/Frameworks @loader_path/Frameworks";
				PRODUCT_NAME = "$(TARGET_NAME)";
				TEST_HOST = "$(BUILT_PRODUCTS_DIR)/CityBicycleCompany.app/CityBicycleCompany";
			};
			name = Debug;
		};
		39DE843B1A2680D300BB47FB /* Release */ = {
			isa = XCBuildConfiguration;
			buildSettings = {
				BUNDLE_LOADER = "$(TEST_HOST)";
				FRAMEWORK_SEARCH_PATHS = (
					"$(SDKROOT)/Developer/Library/Frameworks",
					"$(inherited)",
				);
				INFOPLIST_FILE = CityBicycleCompanyTests/Info.plist;
				LD_RUNPATH_SEARCH_PATHS = "$(inherited) @executable_path/Frameworks @loader_path/Frameworks";
				PRODUCT_NAME = "$(TARGET_NAME)";
				TEST_HOST = "$(BUILT_PRODUCTS_DIR)/CityBicycleCompany.app/CityBicycleCompany";
			};
			name = Release;
		};
/* End XCBuildConfiguration section */

/* Begin XCConfigurationList section */
		39DE840E1A2680D300BB47FB /* Build configuration list for PBXProject "CityBicycleCompany" */ = {
			isa = XCConfigurationList;
			buildConfigurations = (
				39DE84341A2680D300BB47FB /* Debug */,
				39DE84351A2680D300BB47FB /* Release */,
			);
			defaultConfigurationIsVisible = 0;
			defaultConfigurationName = Release;
		};
		39DE84361A2680D300BB47FB /* Build configuration list for PBXNativeTarget "CityBicycleCompany" */ = {
			isa = XCConfigurationList;
			buildConfigurations = (
				39DE84371A2680D300BB47FB /* Debug */,
				39DE84381A2680D300BB47FB /* Release */,
			);
			defaultConfigurationIsVisible = 0;
			defaultConfigurationName = Release;
		};
		39DE84391A2680D300BB47FB /* Build configuration list for PBXNativeTarget "CityBicycleCompanyTests" */ = {
			isa = XCConfigurationList;
			buildConfigurations = (
				39DE843A1A2680D300BB47FB /* Debug */,
				39DE843B1A2680D300BB47FB /* Release */,
			);
			defaultConfigurationIsVisible = 0;
			defaultConfigurationName = Release;
		};
/* End XCConfigurationList section */
	};
	rootObject = 39DE840B1A2680D300BB47FB /* Project object */;
}
